
Microsoft Visual Studio Solution File, Format Version 12.00
# Visual Studio Version 16
VisualStudioVersion = 16.0.30804.86
MinimumVisualStudioVersion = 10.0.40219.1
Project("{8BC9CEB8-8B4A-11D0-8D11-00A0C91BC942}") = "Project1", "Project1\Project1.vcxproj", "{C1C1C872-BEEA-478A-BDA4-97B1AD5BD9D9}"
EndProject
Global
	GlobalSection(SolutionConfigurationPlatforms) = preSolution
		Debug|x64 = Debug|x64
		Debug|x86 = Debug|x86
		Release|x64 = Release|x64
		Release|x86 = Release|x86
	EndGlobalSection
	GlobalSection(ProjectConfigurationPlatforms) = postSolution
		{C1C1C872-BEEA-478A-BDA4-97B1AD5BD9D9}.Debug|x64.ActiveCfg = Debug|x64
		{C1C1C872-BEEA-478A-BDA4-97B1AD5BD9D9}.Debug|x64.Build.0 = Debug|x64
		{C1C1C872-BEEA-478A-BDA4-97B1AD5BD9D9}.Debug|x86.ActiveCfg = Debug|Win32
		{C1C1C872-BEEA-478A-BDA4-97B1AD5BD9D9}.Debug|x86.Build.0 = Debug|Win32
		{C1C1C872-BEEA-478A-BDA4-97B1AD5BD9D9}.Release|x64.ActiveCfg = Release|x64
		{C1C1C872-BEEA-478A-BDA4-97B1AD5BD9D9}.Release|x64.Build.0 = Release|x64
		{C1C1C872-BEEA-478A-BDA4-97B1AD5BD9D9}.Release|x86.ActiveCfg = Release|Win32
		{C1C1C872-BEEA-478A-BDA4-97B1AD5BD9D9}.Release|x86.Build.0 = Release|Win32
	EndGlobalSection
	GlobalSection(SolutionProperties) = preSolution
		HideSolutionNode = FALSE
	EndGlobalSection
	GlobalSection(ExtensibilityGlobals) = postSolution
		SolutionGuid = {488F1C34-A153-4634-A100-C034D1AB7411}
	EndGlobalSection
EndGlobal
