
Microsoft Visual Studio Solution File, Format Version 12.00
# Visual Studio Version 16
VisualStudioVersion = 16.0.32802.440
MinimumVisualStudioVersion = 10.0.40219.1
Project("{8BC9CEB8-8B4A-11D0-8D11-00A0C91BC942}") = "Project", "Project\Project.vcxproj", "{30AEA332-4E21-4D34-83D7-541518E7400C}"
EndProject
Global
	GlobalSection(SolutionConfigurationPlatforms) = preSolution
		Debug|x64 = Debug|x64
		Debug|x86 = Debug|x86
		Release|x64 = Release|x64
		Release|x86 = Release|x86
	EndGlobalSection
	GlobalSection(ProjectConfigurationPlatforms) = postSolution
		{30AEA332-4E21-4D34-83D7-541518E7400C}.Debug|x64.ActiveCfg = Debug|x64
		{30AEA332-4E21-4D34-83D7-541518E7400C}.Debug|x64.Build.0 = Debug|x64
		{30AEA332-4E21-4D34-83D7-541518E7400C}.Debug|x86.ActiveCfg = Debug|Win32
		{30AEA332-4E21-4D34-83D7-541518E7400C}.Debug|x86.Build.0 = Debug|Win32
		{30AEA332-4E21-4D34-83D7-541518E7400C}.Release|x64.ActiveCfg = Release|x64
		{30AEA332-4E21-4D34-83D7-541518E7400C}.Release|x64.Build.0 = Release|x64
		{30AEA332-4E21-4D34-83D7-541518E7400C}.Release|x86.ActiveCfg = Release|Win32
		{30AEA332-4E21-4D34-83D7-541518E7400C}.Release|x86.Build.0 = Release|Win32
	EndGlobalSection
	GlobalSection(SolutionProperties) = preSolution
		HideSolutionNode = FALSE
	EndGlobalSection
	GlobalSection(ExtensibilityGlobals) = postSolution
		SolutionGuid = {A255013E-7D0F-4333-A1B1-B332C58468D9}
	EndGlobalSection
EndGlobal
