
Microsoft Visual Studio Solution File, Format Version 12.00
# Visual Studio Version 17
VisualStudioVersion = 17.14.36414.22 d17.14
MinimumVisualStudioVersion = 10.0.40219.1
Project("{8BC9CEB8-8B4A-11D0-8D11-00A0C91BC942}") = "BullsAndCows", "BullsAndCows\BullsAndCows.vcxproj", "{511937E1-7CAD-46E8-BF6B-0228B612E0F3}"
EndProject
Global
	GlobalSection(SolutionConfigurationPlatforms) = preSolution
		Debug|x64 = Debug|x64
		Debug|x86 = Debug|x86
		Release|x64 = Release|x64
		Release|x86 = Release|x86
	EndGlobalSection
	GlobalSection(ProjectConfigurationPlatforms) = postSolution
		{511937E1-7CAD-46E8-BF6B-0228B612E0F3}.Debug|x64.ActiveCfg = Debug|x64
		{511937E1-7CAD-46E8-BF6B-0228B612E0F3}.Debug|x64.Build.0 = Debug|x64
		{511937E1-7CAD-46E8-BF6B-0228B612E0F3}.Debug|x86.ActiveCfg = Debug|Win32
		{511937E1-7CAD-46E8-BF6B-0228B612E0F3}.Debug|x86.Build.0 = Debug|Win32
		{511937E1-7CAD-46E8-BF6B-0228B612E0F3}.Release|x64.ActiveCfg = Release|x64
		{511937E1-7CAD-46E8-BF6B-0228B612E0F3}.Release|x64.Build.0 = Release|x64
		{511937E1-7CAD-46E8-BF6B-0228B612E0F3}.Release|x86.ActiveCfg = Release|Win32
		{511937E1-7CAD-46E8-BF6B-0228B612E0F3}.Release|x86.Build.0 = Release|Win32
	EndGlobalSection
	GlobalSection(SolutionProperties) = preSolution
		HideSolutionNode = FALSE
	EndGlobalSection
	GlobalSection(ExtensibilityGlobals) = postSolution
		SolutionGuid = {86BC9247-CC6B-4B21-BE68-A567E125460B}
	EndGlobalSection
EndGlobal
