
Microsoft Visual Studio Solution File, Format Version 12.00
# Visual Studio Version 17
VisualStudioVersion = 17.14.36908.2 d17.14
MinimumVisualStudioVersion = 10.0.40219.1
Project("{8BC9CEB8-8B4A-11D0-8D11-00A0C91BC942}") = "task_6_library_finale", "task_6_library_finale.vcxproj", "{DB039A51-8D7C-43E0-9919-B8E4E6A709DE}"
EndProject
Global
	GlobalSection(SolutionConfigurationPlatforms) = preSolution
		Debug|x64 = Debug|x64
		Debug|x86 = Debug|x86
		Release|x64 = Release|x64
		Release|x86 = Release|x86
	EndGlobalSection
	GlobalSection(ProjectConfigurationPlatforms) = postSolution
		{DB039A51-8D7C-43E0-9919-B8E4E6A709DE}.Debug|x64.ActiveCfg = Debug|x64
		{DB039A51-8D7C-43E0-9919-B8E4E6A709DE}.Debug|x64.Build.0 = Debug|x64
		{DB039A51-8D7C-43E0-9919-B8E4E6A709DE}.Debug|x86.ActiveCfg = Debug|Win32
		{DB039A51-8D7C-43E0-9919-B8E4E6A709DE}.Debug|x86.Build.0 = Debug|Win32
		{DB039A51-8D7C-43E0-9919-B8E4E6A709DE}.Release|x64.ActiveCfg = Release|x64
		{DB039A51-8D7C-43E0-9919-B8E4E6A709DE}.Release|x64.Build.0 = Release|x64
		{DB039A51-8D7C-43E0-9919-B8E4E6A709DE}.Release|x86.ActiveCfg = Release|Win32
		{DB039A51-8D7C-43E0-9919-B8E4E6A709DE}.Release|x86.Build.0 = Release|Win32
	EndGlobalSection
	GlobalSection(SolutionProperties) = preSolution
		HideSolutionNode = FALSE
	EndGlobalSection
	GlobalSection(ExtensibilityGlobals) = postSolution
		SolutionGuid = {CFE01C1F-3A7D-4148-A92F-49A97B827CA5}
	EndGlobalSection
EndGlobal
