
Microsoft Visual Studio Solution File, Format Version 12.00
# Visual Studio Version 17
VisualStudioVersion = 17.14.36429.23 d17.14
MinimumVisualStudioVersion = 10.0.40219.1
Project("{8BC9CEB8-8B4A-11D0-8D11-00A0C91BC942}") = "Lab5", "Lab5.vcxproj", "{6D345221-F3E2-4D23-9311-D25E42719DCF}"
EndProject
Global
	GlobalSection(SolutionConfigurationPlatforms) = preSolution
		Debug|x64 = Debug|x64
		Debug|x86 = Debug|x86
		Release|x64 = Release|x64
		Release|x86 = Release|x86
	EndGlobalSection
	GlobalSection(ProjectConfigurationPlatforms) = postSolution
		{6D345221-F3E2-4D23-9311-D25E42719DCF}.Debug|x64.ActiveCfg = Debug|x64
		{6D345221-F3E2-4D23-9311-D25E42719DCF}.Debug|x64.Build.0 = Debug|x64
		{6D345221-F3E2-4D23-9311-D25E42719DCF}.Debug|x86.ActiveCfg = Debug|Win32
		{6D345221-F3E2-4D23-9311-D25E42719DCF}.Debug|x86.Build.0 = Debug|Win32
		{6D345221-F3E2-4D23-9311-D25E42719DCF}.Release|x64.ActiveCfg = Release|x64
		{6D345221-F3E2-4D23-9311-D25E42719DCF}.Release|x64.Build.0 = Release|x64
		{6D345221-F3E2-4D23-9311-D25E42719DCF}.Release|x86.ActiveCfg = Release|Win32
		{6D345221-F3E2-4D23-9311-D25E42719DCF}.Release|x86.Build.0 = Release|Win32
	EndGlobalSection
	GlobalSection(SolutionProperties) = preSolution
		HideSolutionNode = FALSE
	EndGlobalSection
	GlobalSection(ExtensibilityGlobals) = postSolution
		SolutionGuid = {B2F746AE-4D00-46C2-9CB2-F8A5BA316B55}
	EndGlobalSection
EndGlobal
