
Microsoft Visual Studio Solution File, Format Version 12.00
# Visual Studio Version 17
VisualStudioVersion = 17.14.36429.23 d17.14
MinimumVisualStudioVersion = 10.0.40219.1
Project("{8BC9CEB8-8B4A-11D0-8D11-00A0C91BC942}") = "task1", "task1\task1.vcxproj", "{1864614E-9502-4DBE-9A30-D432BB2683E8}"
EndProject
Global
	GlobalSection(SolutionConfigurationPlatforms) = preSolution
		Debug|x64 = Debug|x64
		Debug|x86 = Debug|x86
		Release|x64 = Release|x64
		Release|x86 = Release|x86
	EndGlobalSection
	GlobalSection(ProjectConfigurationPlatforms) = postSolution
		{1864614E-9502-4DBE-9A30-D432BB2683E8}.Debug|x64.ActiveCfg = Debug|x64
		{1864614E-9502-4DBE-9A30-D432BB2683E8}.Debug|x64.Build.0 = Debug|x64
		{1864614E-9502-4DBE-9A30-D432BB2683E8}.Debug|x86.ActiveCfg = Debug|Win32
		{1864614E-9502-4DBE-9A30-D432BB2683E8}.Debug|x86.Build.0 = Debug|Win32
		{1864614E-9502-4DBE-9A30-D432BB2683E8}.Release|x64.ActiveCfg = Release|x64
		{1864614E-9502-4DBE-9A30-D432BB2683E8}.Release|x64.Build.0 = Release|x64
		{1864614E-9502-4DBE-9A30-D432BB2683E8}.Release|x86.ActiveCfg = Release|Win32
		{1864614E-9502-4DBE-9A30-D432BB2683E8}.Release|x86.Build.0 = Release|Win32
	EndGlobalSection
	GlobalSection(SolutionProperties) = preSolution
		HideSolutionNode = FALSE
	EndGlobalSection
	GlobalSection(ExtensibilityGlobals) = postSolution
		SolutionGuid = {22AAC872-D9D3-4E63-BFAC-B01186C313F5}
	EndGlobalSection
EndGlobal
