
Microsoft Visual Studio Solution File, Format Version 12.00
# Visual Studio Version 17
VisualStudioVersion = 17.14.36518.9 d17.14
MinimumVisualStudioVersion = 10.0.40219.1
Project("{8BC9CEB8-8B4A-11D0-8D11-00A0C91BC942}") = "lab5", "lab5\lab5.vcxproj", "{13A8D9C3-5980-46DC-A971-51A8E40744B4}"
EndProject
Global
	GlobalSection(SolutionConfigurationPlatforms) = preSolution
		Debug|x64 = Debug|x64
		Debug|x86 = Debug|x86
		Release|x64 = Release|x64
		Release|x86 = Release|x86
	EndGlobalSection
	GlobalSection(ProjectConfigurationPlatforms) = postSolution
		{13A8D9C3-5980-46DC-A971-51A8E40744B4}.Debug|x64.ActiveCfg = Debug|x64
		{13A8D9C3-5980-46DC-A971-51A8E40744B4}.Debug|x64.Build.0 = Debug|x64
		{13A8D9C3-5980-46DC-A971-51A8E40744B4}.Debug|x86.ActiveCfg = Debug|Win32
		{13A8D9C3-5980-46DC-A971-51A8E40744B4}.Debug|x86.Build.0 = Debug|Win32
		{13A8D9C3-5980-46DC-A971-51A8E40744B4}.Release|x64.ActiveCfg = Release|x64
		{13A8D9C3-5980-46DC-A971-51A8E40744B4}.Release|x64.Build.0 = Release|x64
		{13A8D9C3-5980-46DC-A971-51A8E40744B4}.Release|x86.ActiveCfg = Release|Win32
		{13A8D9C3-5980-46DC-A971-51A8E40744B4}.Release|x86.Build.0 = Release|Win32
	EndGlobalSection
	GlobalSection(SolutionProperties) = preSolution
		HideSolutionNode = FALSE
	EndGlobalSection
	GlobalSection(ExtensibilityGlobals) = postSolution
		SolutionGuid = {A5678187-4D6E-4163-A513-A7A467ECBB1D}
	EndGlobalSection
EndGlobal
