
Microsoft Visual Studio Solution File, Format Version 12.00
# Visual Studio Express 2012 for Windows Desktop
Project("{8BC9CEB8-8B4A-11D0-8D11-00A0C91BC942}") = "Practice0", "Practice0\Practice0.vcxproj", "{B56E1AB0-019F-4299-8D94-FE12D50695F5}"
EndProject
Project("{8BC9CEB8-8B4A-11D0-8D11-00A0C91BC942}") = "Practice1", "Practice1\Practice1.vcxproj", "{6B456449-AD75-4F0E-93E7-E7413380661B}"
EndProject
Project("{8BC9CEB8-8B4A-11D0-8D11-00A0C91BC942}") = "Practice2", "Practice2\Practice2.vcxproj", "{32CE1FEC-667E-47B0-A5F9-E4F31336510A}"
EndProject
Project("{8BC9CEB8-8B4A-11D0-8D11-00A0C91BC942}") = "Practice3", "Practice3\Practice3.vcxproj", "{294853B8-CF48-498C-9E8B-82DB87660AE2}"
EndProject
Project("{8BC9CEB8-8B4A-11D0-8D11-00A0C91BC942}") = "Practice4", "Practice4\Practice4.vcxproj", "{CA1DD33E-2103-4112-A6D6-75B5600D4D2B}"
EndProject
Project("{8BC9CEB8-8B4A-11D0-8D11-00A0C91BC942}") = "Pracrice6", "Pracrice6\Pracrice6.vcxproj", "{97C58FB0-F443-49CC-967C-A1CE16F1F5C2}"
EndProject
Project("{8BC9CEB8-8B4A-11D0-8D11-00A0C91BC942}") = "Practice7", "Practice7\Practice7.vcxproj", "{0A7587EE-660F-436D-AC31-D90CB098A1AE}"
EndProject
Global
	GlobalSection(SolutionConfigurationPlatforms) = preSolution
		Debug|Mixed Platforms = Debug|Mixed Platforms
		Debug|Win32 = Debug|Win32
		Debug|x64 = Debug|x64
		Debug|x86 = Debug|x86
		Release|Mixed Platforms = Release|Mixed Platforms
		Release|Win32 = Release|Win32
		Release|x64 = Release|x64
		Release|x86 = Release|x86
	EndGlobalSection
	GlobalSection(ProjectConfigurationPlatforms) = postSolution
		{B56E1AB0-019F-4299-8D94-FE12D50695F5}.Debug|Mixed Platforms.ActiveCfg = Debug|Win32
		{B56E1AB0-019F-4299-8D94-FE12D50695F5}.Debug|Mixed Platforms.Build.0 = Debug|Win32
		{B56E1AB0-019F-4299-8D94-FE12D50695F5}.Debug|Win32.ActiveCfg = Debug|Win32
		{B56E1AB0-019F-4299-8D94-FE12D50695F5}.Debug|Win32.Build.0 = Debug|Win32
		{B56E1AB0-019F-4299-8D94-FE12D50695F5}.Debug|x64.ActiveCfg = Debug|x64
		{B56E1AB0-019F-4299-8D94-FE12D50695F5}.Debug|x64.Build.0 = Debug|x64
		{B56E1AB0-019F-4299-8D94-FE12D50695F5}.Debug|x86.ActiveCfg = Debug|Win32
		{B56E1AB0-019F-4299-8D94-FE12D50695F5}.Debug|x86.Build.0 = Debug|Win32
		{B56E1AB0-019F-4299-8D94-FE12D50695F5}.Release|Mixed Platforms.ActiveCfg = Release|Win32
		{B56E1AB0-019F-4299-8D94-FE12D50695F5}.Release|Mixed Platforms.Build.0 = Release|Win32
		{B56E1AB0-019F-4299-8D94-FE12D50695F5}.Release|Win32.ActiveCfg = Release|Win32
		{B56E1AB0-019F-4299-8D94-FE12D50695F5}.Release|Win32.Build.0 = Release|Win32
		{B56E1AB0-019F-4299-8D94-FE12D50695F5}.Release|x64.ActiveCfg = Release|x64
		{B56E1AB0-019F-4299-8D94-FE12D50695F5}.Release|x64.Build.0 = Release|x64
		{B56E1AB0-019F-4299-8D94-FE12D50695F5}.Release|x86.ActiveCfg = Release|Win32
		{B56E1AB0-019F-4299-8D94-FE12D50695F5}.Release|x86.Build.0 = Release|Win32
		{6B456449-AD75-4F0E-93E7-E7413380661B}.Debug|Mixed Platforms.ActiveCfg = Debug|Win32
		{6B456449-AD75-4F0E-93E7-E7413380661B}.Debug|Mixed Platforms.Build.0 = Debug|Win32
		{6B456449-AD75-4F0E-93E7-E7413380661B}.Debug|Win32.ActiveCfg = Debug|Win32
		{6B456449-AD75-4F0E-93E7-E7413380661B}.Debug|Win32.Build.0 = Debug|Win32
		{6B456449-AD75-4F0E-93E7-E7413380661B}.Debug|x64.ActiveCfg = Debug|x64
		{6B456449-AD75-4F0E-93E7-E7413380661B}.Debug|x64.Build.0 = Debug|x64
		{6B456449-AD75-4F0E-93E7-E7413380661B}.Debug|x86.ActiveCfg = Debug|Win32
		{6B456449-AD75-4F0E-93E7-E7413380661B}.Debug|x86.Build.0 = Debug|Win32
		{6B456449-AD75-4F0E-93E7-E7413380661B}.Release|Mixed Platforms.ActiveCfg = Release|Win32
		{6B456449-AD75-4F0E-93E7-E7413380661B}.Release|Mixed Platforms.Build.0 = Release|Win32
		{6B456449-AD75-4F0E-93E7-E7413380661B}.Release|Win32.ActiveCfg = Release|Win32
		{6B456449-AD75-4F0E-93E7-E7413380661B}.Release|Win32.Build.0 = Release|Win32
		{6B456449-AD75-4F0E-93E7-E7413380661B}.Release|x64.ActiveCfg = Release|x64
		{6B456449-AD75-4F0E-93E7-E7413380661B}.Release|x64.Build.0 = Release|x64
		{6B456449-AD75-4F0E-93E7-E7413380661B}.Release|x86.ActiveCfg = Release|Win32
		{6B456449-AD75-4F0E-93E7-E7413380661B}.Release|x86.Build.0 = Release|Win32
		{32CE1FEC-667E-47B0-A5F9-E4F31336510A}.Debug|Mixed Platforms.ActiveCfg = Debug|Win32
		{32CE1FEC-667E-47B0-A5F9-E4F31336510A}.Debug|Mixed Platforms.Build.0 = Debug|Win32
		{32CE1FEC-667E-47B0-A5F9-E4F31336510A}.Debug|Win32.ActiveCfg = Debug|Win32
		{32CE1FEC-667E-47B0-A5F9-E4F31336510A}.Debug|Win32.Build.0 = Debug|Win32
		{32CE1FEC-667E-47B0-A5F9-E4F31336510A}.Debug|x64.ActiveCfg = Debug|x64
		{32CE1FEC-667E-47B0-A5F9-E4F31336510A}.Debug|x64.Build.0 = Debug|x64
		{32CE1FEC-667E-47B0-A5F9-E4F31336510A}.Debug|x86.ActiveCfg = Debug|Win32
		{32CE1FEC-667E-47B0-A5F9-E4F31336510A}.Debug|x86.Build.0 = Debug|Win32
		{32CE1FEC-667E-47B0-A5F9-E4F31336510A}.Release|Mixed Platforms.ActiveCfg = Release|Win32
		{32CE1FEC-667E-47B0-A5F9-E4F31336510A}.Release|Mixed Platforms.Build.0 = Release|Win32
		{32CE1FEC-667E-47B0-A5F9-E4F31336510A}.Release|Win32.ActiveCfg = Release|Win32
		{32CE1FEC-667E-47B0-A5F9-E4F31336510A}.Release|Win32.Build.0 = Release|Win32
		{32CE1FEC-667E-47B0-A5F9-E4F31336510A}.Release|x64.ActiveCfg = Release|x64
		{32CE1FEC-667E-47B0-A5F9-E4F31336510A}.Release|x64.Build.0 = Release|x64
		{32CE1FEC-667E-47B0-A5F9-E4F31336510A}.Release|x86.ActiveCfg = Release|Win32
		{32CE1FEC-667E-47B0-A5F9-E4F31336510A}.Release|x86.Build.0 = Release|Win32
		{294853B8-CF48-498C-9E8B-82DB87660AE2}.Debug|Mixed Platforms.ActiveCfg = Debug|Win32
		{294853B8-CF48-498C-9E8B-82DB87660AE2}.Debug|Mixed Platforms.Build.0 = Debug|Win32
		{294853B8-CF48-498C-9E8B-82DB87660AE2}.Debug|Win32.ActiveCfg = Debug|Win32
		{294853B8-CF48-498C-9E8B-82DB87660AE2}.Debug|Win32.Build.0 = Debug|Win32
		{294853B8-CF48-498C-9E8B-82DB87660AE2}.Debug|x64.ActiveCfg = Debug|Win32
		{294853B8-CF48-498C-9E8B-82DB87660AE2}.Debug|x86.ActiveCfg = Debug|Win32
		{294853B8-CF48-498C-9E8B-82DB87660AE2}.Debug|x86.Build.0 = Debug|Win32
		{294853B8-CF48-498C-9E8B-82DB87660AE2}.Release|Mixed Platforms.ActiveCfg = Release|Win32
		{294853B8-CF48-498C-9E8B-82DB87660AE2}.Release|Mixed Platforms.Build.0 = Release|Win32
		{294853B8-CF48-498C-9E8B-82DB87660AE2}.Release|Win32.ActiveCfg = Release|Win32
		{294853B8-CF48-498C-9E8B-82DB87660AE2}.Release|Win32.Build.0 = Release|Win32
		{294853B8-CF48-498C-9E8B-82DB87660AE2}.Release|x64.ActiveCfg = Release|Win32
		{294853B8-CF48-498C-9E8B-82DB87660AE2}.Release|x86.ActiveCfg = Release|Win32
		{294853B8-CF48-498C-9E8B-82DB87660AE2}.Release|x86.Build.0 = Release|Win32
		{CA1DD33E-2103-4112-A6D6-75B5600D4D2B}.Debug|Mixed Platforms.ActiveCfg = Debug|Win32
		{CA1DD33E-2103-4112-A6D6-75B5600D4D2B}.Debug|Mixed Platforms.Build.0 = Debug|Win32
		{CA1DD33E-2103-4112-A6D6-75B5600D4D2B}.Debug|Win32.ActiveCfg = Debug|Win32
		{CA1DD33E-2103-4112-A6D6-75B5600D4D2B}.Debug|Win32.Build.0 = Debug|Win32
		{CA1DD33E-2103-4112-A6D6-75B5600D4D2B}.Debug|x64.ActiveCfg = Debug|Win32
		{CA1DD33E-2103-4112-A6D6-75B5600D4D2B}.Debug|x86.ActiveCfg = Debug|Win32
		{CA1DD33E-2103-4112-A6D6-75B5600D4D2B}.Debug|x86.Build.0 = Debug|Win32
		{CA1DD33E-2103-4112-A6D6-75B5600D4D2B}.Release|Mixed Platforms.ActiveCfg = Release|Win32
		{CA1DD33E-2103-4112-A6D6-75B5600D4D2B}.Release|Mixed Platforms.Build.0 = Release|Win32
		{CA1DD33E-2103-4112-A6D6-75B5600D4D2B}.Release|Win32.ActiveCfg = Release|Win32
		{CA1DD33E-2103-4112-A6D6-75B5600D4D2B}.Release|Win32.Build.0 = Release|Win32
		{CA1DD33E-2103-4112-A6D6-75B5600D4D2B}.Release|x64.ActiveCfg = Release|Win32
		{CA1DD33E-2103-4112-A6D6-75B5600D4D2B}.Release|x86.ActiveCfg = Release|Win32
		{CA1DD33E-2103-4112-A6D6-75B5600D4D2B}.Release|x86.Build.0 = Release|Win32
		{97C58FB0-F443-49CC-967C-A1CE16F1F5C2}.Debug|Mixed Platforms.ActiveCfg = Debug|Win32
		{97C58FB0-F443-49CC-967C-A1CE16F1F5C2}.Debug|Mixed Platforms.Build.0 = Debug|Win32
		{97C58FB0-F443-49CC-967C-A1CE16F1F5C2}.Debug|Win32.ActiveCfg = Debug|Win32
		{97C58FB0-F443-49CC-967C-A1CE16F1F5C2}.Debug|Win32.Build.0 = Debug|Win32
		{97C58FB0-F443-49CC-967C-A1CE16F1F5C2}.Debug|x64.ActiveCfg = Debug|Win32
		{97C58FB0-F443-49CC-967C-A1CE16F1F5C2}.Debug|x86.ActiveCfg = Debug|Win32
		{97C58FB0-F443-49CC-967C-A1CE16F1F5C2}.Debug|x86.Build.0 = Debug|Win32
		{97C58FB0-F443-49CC-967C-A1CE16F1F5C2}.Release|Mixed Platforms.ActiveCfg = Release|Win32
		{97C58FB0-F443-49CC-967C-A1CE16F1F5C2}.Release|Mixed Platforms.Build.0 = Release|Win32
		{97C58FB0-F443-49CC-967C-A1CE16F1F5C2}.Release|Win32.ActiveCfg = Release|Win32
		{97C58FB0-F443-49CC-967C-A1CE16F1F5C2}.Release|Win32.Build.0 = Release|Win32
		{97C58FB0-F443-49CC-967C-A1CE16F1F5C2}.Release|x64.ActiveCfg = Release|Win32
		{97C58FB0-F443-49CC-967C-A1CE16F1F5C2}.Release|x86.ActiveCfg = Release|Win32
		{97C58FB0-F443-49CC-967C-A1CE16F1F5C2}.Release|x86.Build.0 = Release|Win32
		{0A7587EE-660F-436D-AC31-D90CB098A1AE}.Debug|Mixed Platforms.ActiveCfg = Debug|Win32
		{0A7587EE-660F-436D-AC31-D90CB098A1AE}.Debug|Mixed Platforms.Build.0 = Debug|Win32
		{0A7587EE-660F-436D-AC31-D90CB098A1AE}.Debug|Win32.ActiveCfg = Debug|Win32
		{0A7587EE-660F-436D-AC31-D90CB098A1AE}.Debug|Win32.Build.0 = Debug|Win32
		{0A7587EE-660F-436D-AC31-D90CB098A1AE}.Debug|x64.ActiveCfg = Debug|Win32
		{0A7587EE-660F-436D-AC31-D90CB098A1AE}.Debug|x86.ActiveCfg = Debug|Win32
		{0A7587EE-660F-436D-AC31-D90CB098A1AE}.Debug|x86.Build.0 = Debug|Win32
		{0A7587EE-660F-436D-AC31-D90CB098A1AE}.Release|Mixed Platforms.ActiveCfg = Release|Win32
		{0A7587EE-660F-436D-AC31-D90CB098A1AE}.Release|Mixed Platforms.Build.0 = Release|Win32
		{0A7587EE-660F-436D-AC31-D90CB098A1AE}.Release|Win32.ActiveCfg = Release|Win32
		{0A7587EE-660F-436D-AC31-D90CB098A1AE}.Release|Win32.Build.0 = Release|Win32
		{0A7587EE-660F-436D-AC31-D90CB098A1AE}.Release|x64.ActiveCfg = Release|Win32
		{0A7587EE-660F-436D-AC31-D90CB098A1AE}.Release|x86.ActiveCfg = Release|Win32
		{0A7587EE-660F-436D-AC31-D90CB098A1AE}.Release|x86.Build.0 = Release|Win32
	EndGlobalSection
	GlobalSection(SolutionProperties) = preSolution
		HideSolutionNode = FALSE
	EndGlobalSection
EndGlobal
