
Microsoft Visual Studio Solution File, Format Version 12.00
# Visual Studio 15
VisualStudioVersion = 15.0.28307.329
MinimumVisualStudioVersion = 10.0.40219.1
Project("{8BC9CEB8-8B4A-11D0-8D11-00A0C91BC942}") = "Practice7", "Practice7.vcxproj", "{10A528E1-B591-447B-B83B-8A9A3E9CC7A1}"
EndProject
Global
	GlobalSection(SolutionConfigurationPlatforms) = preSolution
		Debug|x64 = Debug|x64
		Debug|x86 = Debug|x86
		Release|x64 = Release|x64
		Release|x86 = Release|x86
	EndGlobalSection
	GlobalSection(ProjectConfigurationPlatforms) = postSolution
		{10A528E1-B591-447B-B83B-8A9A3E9CC7A1}.Debug|x64.ActiveCfg = Debug|x64
		{10A528E1-B591-447B-B83B-8A9A3E9CC7A1}.Debug|x64.Build.0 = Debug|x64
		{10A528E1-B591-447B-B83B-8A9A3E9CC7A1}.Debug|x86.ActiveCfg = Debug|Win32
		{10A528E1-B591-447B-B83B-8A9A3E9CC7A1}.Debug|x86.Build.0 = Debug|Win32
		{10A528E1-B591-447B-B83B-8A9A3E9CC7A1}.Release|x64.ActiveCfg = Release|x64
		{10A528E1-B591-447B-B83B-8A9A3E9CC7A1}.Release|x64.Build.0 = Release|x64
		{10A528E1-B591-447B-B83B-8A9A3E9CC7A1}.Release|x86.ActiveCfg = Release|Win32
		{10A528E1-B591-447B-B83B-8A9A3E9CC7A1}.Release|x86.Build.0 = Release|Win32
	EndGlobalSection
	GlobalSection(SolutionProperties) = preSolution
		HideSolutionNode = FALSE
	EndGlobalSection
	GlobalSection(ExtensibilityGlobals) = postSolution
		SolutionGuid = {FEB43F63-87C0-44CA-A09E-051E117EF251}
	EndGlobalSection
EndGlobal
