
Microsoft Visual Studio Solution File, Format Version 12.00
# Visual Studio Version 17
VisualStudioVersion = 17.3.32901.215
MinimumVisualStudioVersion = 10.0.40219.1
Project("{8BC9CEB8-8B4A-11D0-8D11-00A0C91BC942}") = "Practice2", "Practice2.vcxproj", "{DA3CA2F6-47BE-4F80-AD9D-0F6FEC113F63}"
EndProject
Global
	GlobalSection(SolutionConfigurationPlatforms) = preSolution
		Debug|x64 = Debug|x64
		Debug|x86 = Debug|x86
		Release|x64 = Release|x64
		Release|x86 = Release|x86
	EndGlobalSection
	GlobalSection(ProjectConfigurationPlatforms) = postSolution
		{DA3CA2F6-47BE-4F80-AD9D-0F6FEC113F63}.Debug|x64.ActiveCfg = Debug|x64
		{DA3CA2F6-47BE-4F80-AD9D-0F6FEC113F63}.Debug|x64.Build.0 = Debug|x64
		{DA3CA2F6-47BE-4F80-AD9D-0F6FEC113F63}.Debug|x86.ActiveCfg = Debug|Win32
		{DA3CA2F6-47BE-4F80-AD9D-0F6FEC113F63}.Debug|x86.Build.0 = Debug|Win32
		{DA3CA2F6-47BE-4F80-AD9D-0F6FEC113F63}.Release|x64.ActiveCfg = Release|x64
		{DA3CA2F6-47BE-4F80-AD9D-0F6FEC113F63}.Release|x64.Build.0 = Release|x64
		{DA3CA2F6-47BE-4F80-AD9D-0F6FEC113F63}.Release|x86.ActiveCfg = Release|Win32
		{DA3CA2F6-47BE-4F80-AD9D-0F6FEC113F63}.Release|x86.Build.0 = Release|Win32
	EndGlobalSection
	GlobalSection(SolutionProperties) = preSolution
		HideSolutionNode = FALSE
	EndGlobalSection
	GlobalSection(ExtensibilityGlobals) = postSolution
		SolutionGuid = {D35978DE-7120-480E-81D6-A7673EED54E2}
	EndGlobalSection
EndGlobal
