
Microsoft Visual Studio Solution File, Format Version 12.00
# Visual Studio Version 17
VisualStudioVersion = 17.7.34031.279
MinimumVisualStudioVersion = 10.0.40219.1
Project("{8BC9CEB8-8B4A-11D0-8D11-00A0C91BC942}") = "empty_project", "empty_project\empty_project.vcxproj", "{FBFF3815-995D-463C-9571-13BECDE40F13}"
EndProject
Global
	GlobalSection(SolutionConfigurationPlatforms) = preSolution
		Debug|x64 = Debug|x64
		Debug|x86 = Debug|x86
		Release|x64 = Release|x64
		Release|x86 = Release|x86
	EndGlobalSection
	GlobalSection(ProjectConfigurationPlatforms) = postSolution
		{FBFF3815-995D-463C-9571-13BECDE40F13}.Debug|x64.ActiveCfg = Debug|x64
		{FBFF3815-995D-463C-9571-13BECDE40F13}.Debug|x64.Build.0 = Debug|x64
		{FBFF3815-995D-463C-9571-13BECDE40F13}.Debug|x86.ActiveCfg = Debug|Win32
		{FBFF3815-995D-463C-9571-13BECDE40F13}.Debug|x86.Build.0 = Debug|Win32
		{FBFF3815-995D-463C-9571-13BECDE40F13}.Release|x64.ActiveCfg = Release|x64
		{FBFF3815-995D-463C-9571-13BECDE40F13}.Release|x64.Build.0 = Release|x64
		{FBFF3815-995D-463C-9571-13BECDE40F13}.Release|x86.ActiveCfg = Release|Win32
		{FBFF3815-995D-463C-9571-13BECDE40F13}.Release|x86.Build.0 = Release|Win32
	EndGlobalSection
	GlobalSection(SolutionProperties) = preSolution
		HideSolutionNode = FALSE
	EndGlobalSection
	GlobalSection(ExtensibilityGlobals) = postSolution
		SolutionGuid = {0571AA51-5CE7-47FB-8753-044D1F86191D}
	EndGlobalSection
EndGlobal
