
Microsoft Visual Studio Solution File, Format Version 12.00
# Visual Studio Version 17
VisualStudioVersion = 17.7.34018.315
MinimumVisualStudioVersion = 10.0.40219.1
Project("{8BC9CEB8-8B4A-11D0-8D11-00A0C91BC942}") = "Practice2", "Practice2\Practice2.vcxproj", "{3744EB2A-B9C1-4CC9-8EC1-857028A3248F}"
EndProject
Global
	GlobalSection(SolutionConfigurationPlatforms) = preSolution
		Debug|x64 = Debug|x64
		Debug|x86 = Debug|x86
		Release|x64 = Release|x64
		Release|x86 = Release|x86
	EndGlobalSection
	GlobalSection(ProjectConfigurationPlatforms) = postSolution
		{3744EB2A-B9C1-4CC9-8EC1-857028A3248F}.Debug|x64.ActiveCfg = Debug|x64
		{3744EB2A-B9C1-4CC9-8EC1-857028A3248F}.Debug|x64.Build.0 = Debug|x64
		{3744EB2A-B9C1-4CC9-8EC1-857028A3248F}.Debug|x86.ActiveCfg = Debug|Win32
		{3744EB2A-B9C1-4CC9-8EC1-857028A3248F}.Debug|x86.Build.0 = Debug|Win32
		{3744EB2A-B9C1-4CC9-8EC1-857028A3248F}.Release|x64.ActiveCfg = Release|x64
		{3744EB2A-B9C1-4CC9-8EC1-857028A3248F}.Release|x64.Build.0 = Release|x64
		{3744EB2A-B9C1-4CC9-8EC1-857028A3248F}.Release|x86.ActiveCfg = Release|Win32
		{3744EB2A-B9C1-4CC9-8EC1-857028A3248F}.Release|x86.Build.0 = Release|Win32
	EndGlobalSection
	GlobalSection(SolutionProperties) = preSolution
		HideSolutionNode = FALSE
	EndGlobalSection
	GlobalSection(ExtensibilityGlobals) = postSolution
		SolutionGuid = {CBC6386B-DC67-4EAA-A43A-1033D9F0FC4C}
	EndGlobalSection
EndGlobal
