
Microsoft Visual Studio Solution File, Format Version 12.00
# Visual Studio Version 17
VisualStudioVersion = 17.3.32901.215
MinimumVisualStudioVersion = 10.0.40219.1
Project("{8BC9CEB8-8B4A-11D0-8D11-00A0C91BC942}") = "Practice0", "Practice0.vcxproj", "{07A4787F-1B5F-49DA-8540-0105A8A3AD8D}"
EndProject
Global
	GlobalSection(SolutionConfigurationPlatforms) = preSolution
		Debug|x64 = Debug|x64
		Debug|x86 = Debug|x86
		Release|x64 = Release|x64
		Release|x86 = Release|x86
	EndGlobalSection
	GlobalSection(ProjectConfigurationPlatforms) = postSolution
		{07A4787F-1B5F-49DA-8540-0105A8A3AD8D}.Debug|x64.ActiveCfg = Debug|x64
		{07A4787F-1B5F-49DA-8540-0105A8A3AD8D}.Debug|x64.Build.0 = Debug|x64
		{07A4787F-1B5F-49DA-8540-0105A8A3AD8D}.Debug|x86.ActiveCfg = Debug|Win32
		{07A4787F-1B5F-49DA-8540-0105A8A3AD8D}.Debug|x86.Build.0 = Debug|Win32
		{07A4787F-1B5F-49DA-8540-0105A8A3AD8D}.Release|x64.ActiveCfg = Release|x64
		{07A4787F-1B5F-49DA-8540-0105A8A3AD8D}.Release|x64.Build.0 = Release|x64
		{07A4787F-1B5F-49DA-8540-0105A8A3AD8D}.Release|x86.ActiveCfg = Release|Win32
		{07A4787F-1B5F-49DA-8540-0105A8A3AD8D}.Release|x86.Build.0 = Release|Win32
	EndGlobalSection
	GlobalSection(SolutionProperties) = preSolution
		HideSolutionNode = FALSE
	EndGlobalSection
	GlobalSection(ExtensibilityGlobals) = postSolution
		SolutionGuid = {8ADA04CF-D18C-419E-82A3-1028F82C6303}
	EndGlobalSection
EndGlobal
