
Microsoft Visual Studio Solution File, Format Version 12.00
# Visual Studio Version 17
VisualStudioVersion = 17.3.32929.385
MinimumVisualStudioVersion = 10.0.40219.1
Project("{8BC9CEB8-8B4A-11D0-8D11-00A0C91BC942}") = "Practice5", "Practice5\Practice5.vcxproj", "{8FBE22A2-531B-4D4D-B43B-7D3AD7064634}"
EndProject
Global
	GlobalSection(SolutionConfigurationPlatforms) = preSolution
		Debug|x64 = Debug|x64
		Debug|x86 = Debug|x86
		Release|x64 = Release|x64
		Release|x86 = Release|x86
	EndGlobalSection
	GlobalSection(ProjectConfigurationPlatforms) = postSolution
		{8FBE22A2-531B-4D4D-B43B-7D3AD7064634}.Debug|x64.ActiveCfg = Debug|x64
		{8FBE22A2-531B-4D4D-B43B-7D3AD7064634}.Debug|x64.Build.0 = Debug|x64
		{8FBE22A2-531B-4D4D-B43B-7D3AD7064634}.Debug|x86.ActiveCfg = Debug|Win32
		{8FBE22A2-531B-4D4D-B43B-7D3AD7064634}.Debug|x86.Build.0 = Debug|Win32
		{8FBE22A2-531B-4D4D-B43B-7D3AD7064634}.Release|x64.ActiveCfg = Release|x64
		{8FBE22A2-531B-4D4D-B43B-7D3AD7064634}.Release|x64.Build.0 = Release|x64
		{8FBE22A2-531B-4D4D-B43B-7D3AD7064634}.Release|x86.ActiveCfg = Release|Win32
		{8FBE22A2-531B-4D4D-B43B-7D3AD7064634}.Release|x86.Build.0 = Release|Win32
	EndGlobalSection
	GlobalSection(SolutionProperties) = preSolution
		HideSolutionNode = FALSE
	EndGlobalSection
	GlobalSection(ExtensibilityGlobals) = postSolution
		SolutionGuid = {044D350F-1F48-4DE7-865C-248572605CCC}
	EndGlobalSection
EndGlobal
