
Microsoft Visual Studio Solution File, Format Version 12.00
# Visual Studio 2010
Project("{8BC9CEB8-8B4A-11D0-8D11-00A0C91BC942}") = "Practice0", "Practice0\Practice0.vcxproj", "{5041E165-B5E4-435F-A0A1-D85FFEFF97D1}"
EndProject
Project("{8BC9CEB8-8B4A-11D0-8D11-00A0C91BC942}") = "Practice1", "Practice1\Practice1.vcxproj", "{C1EB45A2-2936-4E5B-831C-08E16064E325}"
EndProject
Project("{8BC9CEB8-8B4A-11D0-8D11-00A0C91BC942}") = "Practice2", "Practice2\Practice2.vcxproj", "{602317FA-721A-4508-A1EE-83DDF2D46EC4}"
EndProject
Project("{8BC9CEB8-8B4A-11D0-8D11-00A0C91BC942}") = "Practice3", "Practice3\Practice3.vcxproj", "{47EAB522-7BE1-4AA7-B613-3BB934A0ED63}"
EndProject
Project("{8BC9CEB8-8B4A-11D0-8D11-00A0C91BC942}") = "Practice4", "Practice4\Practice4.vcxproj", "{7CB3EFFC-470C-4ADE-B016-3EC20E0618E7}"
EndProject
Project("{8BC9CEB8-8B4A-11D0-8D11-00A0C91BC942}") = "Practice5", "Practice5\Practice5.vcxproj", "{F2C9CDEA-AC0F-4C05-8308-E6BE80082661}"
EndProject
Global
	GlobalSection(SolutionConfigurationPlatforms) = preSolution
		Debug|Win32 = Debug|Win32
		Release|Win32 = Release|Win32
	EndGlobalSection
	GlobalSection(ProjectConfigurationPlatforms) = postSolution
		{5041E165-B5E4-435F-A0A1-D85FFEFF97D1}.Debug|Win32.ActiveCfg = Debug|Win32
		{5041E165-B5E4-435F-A0A1-D85FFEFF97D1}.Debug|Win32.Build.0 = Debug|Win32
		{5041E165-B5E4-435F-A0A1-D85FFEFF97D1}.Release|Win32.ActiveCfg = Release|Win32
		{5041E165-B5E4-435F-A0A1-D85FFEFF97D1}.Release|Win32.Build.0 = Release|Win32
		{C1EB45A2-2936-4E5B-831C-08E16064E325}.Debug|Win32.ActiveCfg = Debug|Win32
		{C1EB45A2-2936-4E5B-831C-08E16064E325}.Debug|Win32.Build.0 = Debug|Win32
		{C1EB45A2-2936-4E5B-831C-08E16064E325}.Release|Win32.ActiveCfg = Release|Win32
		{C1EB45A2-2936-4E5B-831C-08E16064E325}.Release|Win32.Build.0 = Release|Win32
		{602317FA-721A-4508-A1EE-83DDF2D46EC4}.Debug|Win32.ActiveCfg = Debug|Win32
		{602317FA-721A-4508-A1EE-83DDF2D46EC4}.Debug|Win32.Build.0 = Debug|Win32
		{602317FA-721A-4508-A1EE-83DDF2D46EC4}.Release|Win32.ActiveCfg = Release|Win32
		{602317FA-721A-4508-A1EE-83DDF2D46EC4}.Release|Win32.Build.0 = Release|Win32
		{47EAB522-7BE1-4AA7-B613-3BB934A0ED63}.Debug|Win32.ActiveCfg = Debug|Win32
		{47EAB522-7BE1-4AA7-B613-3BB934A0ED63}.Debug|Win32.Build.0 = Debug|Win32
		{47EAB522-7BE1-4AA7-B613-3BB934A0ED63}.Release|Win32.ActiveCfg = Release|Win32
		{47EAB522-7BE1-4AA7-B613-3BB934A0ED63}.Release|Win32.Build.0 = Release|Win32
		{7CB3EFFC-470C-4ADE-B016-3EC20E0618E7}.Debug|Win32.ActiveCfg = Debug|Win32
		{7CB3EFFC-470C-4ADE-B016-3EC20E0618E7}.Debug|Win32.Build.0 = Debug|Win32
		{7CB3EFFC-470C-4ADE-B016-3EC20E0618E7}.Release|Win32.ActiveCfg = Release|Win32
		{7CB3EFFC-470C-4ADE-B016-3EC20E0618E7}.Release|Win32.Build.0 = Release|Win32
		{F2C9CDEA-AC0F-4C05-8308-E6BE80082661}.Debug|Win32.ActiveCfg = Debug|Win32
		{F2C9CDEA-AC0F-4C05-8308-E6BE80082661}.Debug|Win32.Build.0 = Debug|Win32
		{F2C9CDEA-AC0F-4C05-8308-E6BE80082661}.Release|Win32.ActiveCfg = Release|Win32
		{F2C9CDEA-AC0F-4C05-8308-E6BE80082661}.Release|Win32.Build.0 = Release|Win32
	EndGlobalSection
	GlobalSection(SolutionProperties) = preSolution
		HideSolutionNode = FALSE
	EndGlobalSection
EndGlobal
