
Microsoft Visual Studio Solution File, Format Version 12.00
# Visual Studio Version 17
VisualStudioVersion = 17.10.34928.147
MinimumVisualStudioVersion = 10.0.40219.1
Project("{8BC9CEB8-8B4A-11D0-8D11-00A0C91BC942}") = "Homework 5", "Homework 5\Homework 5.vcxproj", "{B1B47BC4-3D1E-4FEA-9496-837B2923F301}"
EndProject
Global
	GlobalSection(SolutionConfigurationPlatforms) = preSolution
		Debug|x64 = Debug|x64
		Debug|x86 = Debug|x86
		Release|x64 = Release|x64
		Release|x86 = Release|x86
	EndGlobalSection
	GlobalSection(ProjectConfigurationPlatforms) = postSolution
		{B1B47BC4-3D1E-4FEA-9496-837B2923F301}.Debug|x64.ActiveCfg = Debug|x64
		{B1B47BC4-3D1E-4FEA-9496-837B2923F301}.Debug|x64.Build.0 = Debug|x64
		{B1B47BC4-3D1E-4FEA-9496-837B2923F301}.Debug|x86.ActiveCfg = Debug|Win32
		{B1B47BC4-3D1E-4FEA-9496-837B2923F301}.Debug|x86.Build.0 = Debug|Win32
		{B1B47BC4-3D1E-4FEA-9496-837B2923F301}.Release|x64.ActiveCfg = Release|x64
		{B1B47BC4-3D1E-4FEA-9496-837B2923F301}.Release|x64.Build.0 = Release|x64
		{B1B47BC4-3D1E-4FEA-9496-837B2923F301}.Release|x86.ActiveCfg = Release|Win32
		{B1B47BC4-3D1E-4FEA-9496-837B2923F301}.Release|x86.Build.0 = Release|Win32
	EndGlobalSection
	GlobalSection(SolutionProperties) = preSolution
		HideSolutionNode = FALSE
	EndGlobalSection
	GlobalSection(ExtensibilityGlobals) = postSolution
		SolutionGuid = {53862210-7360-441A-BA7C-9DC7DB4A4D10}
	EndGlobalSection
EndGlobal
