
Microsoft Visual Studio Solution File, Format Version 12.00
# Visual Studio Version 16
VisualStudioVersion = 16.0.29509.3
MinimumVisualStudioVersion = 10.0.40219.1
Project("{8BC9CEB8-8B4A-11D0-8D11-00A0C91BC942}") = "Task2", "Task2\Task2.vcxproj", "{896160BF-437F-4B80-81D3-088DD27B2051}"
EndProject
Global
	GlobalSection(SolutionConfigurationPlatforms) = preSolution
		Debug|x64 = Debug|x64
		Debug|x86 = Debug|x86
		Release|x64 = Release|x64
		Release|x86 = Release|x86
	EndGlobalSection
	GlobalSection(ProjectConfigurationPlatforms) = postSolution
		{896160BF-437F-4B80-81D3-088DD27B2051}.Debug|x64.ActiveCfg = Debug|x64
		{896160BF-437F-4B80-81D3-088DD27B2051}.Debug|x64.Build.0 = Debug|x64
		{896160BF-437F-4B80-81D3-088DD27B2051}.Debug|x86.ActiveCfg = Debug|Win32
		{896160BF-437F-4B80-81D3-088DD27B2051}.Debug|x86.Build.0 = Debug|Win32
		{896160BF-437F-4B80-81D3-088DD27B2051}.Release|x64.ActiveCfg = Release|x64
		{896160BF-437F-4B80-81D3-088DD27B2051}.Release|x64.Build.0 = Release|x64
		{896160BF-437F-4B80-81D3-088DD27B2051}.Release|x86.ActiveCfg = Release|Win32
		{896160BF-437F-4B80-81D3-088DD27B2051}.Release|x86.Build.0 = Release|Win32
	EndGlobalSection
	GlobalSection(SolutionProperties) = preSolution
		HideSolutionNode = FALSE
	EndGlobalSection
	GlobalSection(ExtensibilityGlobals) = postSolution
		SolutionGuid = {076E9DAB-EAAA-4642-A523-FF54B0AEB75C}
	EndGlobalSection
EndGlobal
