
Microsoft Visual Studio Solution File, Format Version 11.00
# Visual Studio 2010
Project("{8BC9CEB8-8B4A-11D0-8D11-00A0C91BC942}") = "Practice0", "Practice0\Practice0.vcxproj", "{83038A67-63D4-4053-9EF4-93E50B9E37B3}"
EndProject
Project("{8BC9CEB8-8B4A-11D0-8D11-00A0C91BC942}") = "Practice1", "Practice1\Practice1.vcxproj", "{3B5082BB-715B-4734-BCAE-99EB62F337D6}"
EndProject
Project("{8BC9CEB8-8B4A-11D0-8D11-00A0C91BC942}") = "Practice2", "Practice2\Practice2.vcxproj", "{502DC403-AA34-416B-978F-4F86A731F3E4}"
EndProject
Project("{8BC9CEB8-8B4A-11D0-8D11-00A0C91BC942}") = "Practice3", "Practice3\Practice3.vcxproj", "{03E53068-9A1E-41CB-BC69-1B7CEB5DD994}"
EndProject
Project("{8BC9CEB8-8B4A-11D0-8D11-00A0C91BC942}") = "Practice4", "Practice4\Practice4.vcxproj", "{20323DBB-6B95-4EFE-B419-71995C9D41B7}"
EndProject
Project("{8BC9CEB8-8B4A-11D0-8D11-00A0C91BC942}") = "Practice5", "Practice5\Practice5.vcxproj", "{564DFF90-887F-4C0D-BC13-89C5475A2F33}"
EndProject
Global
	GlobalSection(SolutionConfigurationPlatforms) = preSolution
		Debug|Win32 = Debug|Win32
		Release|Win32 = Release|Win32
	EndGlobalSection
	GlobalSection(ProjectConfigurationPlatforms) = postSolution
		{83038A67-63D4-4053-9EF4-93E50B9E37B3}.Debug|Win32.ActiveCfg = Debug|Win32
		{83038A67-63D4-4053-9EF4-93E50B9E37B3}.Debug|Win32.Build.0 = Debug|Win32
		{83038A67-63D4-4053-9EF4-93E50B9E37B3}.Release|Win32.ActiveCfg = Release|Win32
		{83038A67-63D4-4053-9EF4-93E50B9E37B3}.Release|Win32.Build.0 = Release|Win32
		{3B5082BB-715B-4734-BCAE-99EB62F337D6}.Debug|Win32.ActiveCfg = Debug|Win32
		{3B5082BB-715B-4734-BCAE-99EB62F337D6}.Debug|Win32.Build.0 = Debug|Win32
		{3B5082BB-715B-4734-BCAE-99EB62F337D6}.Release|Win32.ActiveCfg = Release|Win32
		{3B5082BB-715B-4734-BCAE-99EB62F337D6}.Release|Win32.Build.0 = Release|Win32
		{502DC403-AA34-416B-978F-4F86A731F3E4}.Debug|Win32.ActiveCfg = Debug|Win32
		{502DC403-AA34-416B-978F-4F86A731F3E4}.Debug|Win32.Build.0 = Debug|Win32
		{502DC403-AA34-416B-978F-4F86A731F3E4}.Release|Win32.ActiveCfg = Release|Win32
		{502DC403-AA34-416B-978F-4F86A731F3E4}.Release|Win32.Build.0 = Release|Win32
		{03E53068-9A1E-41CB-BC69-1B7CEB5DD994}.Debug|Win32.ActiveCfg = Debug|Win32
		{03E53068-9A1E-41CB-BC69-1B7CEB5DD994}.Debug|Win32.Build.0 = Debug|Win32
		{03E53068-9A1E-41CB-BC69-1B7CEB5DD994}.Release|Win32.ActiveCfg = Release|Win32
		{03E53068-9A1E-41CB-BC69-1B7CEB5DD994}.Release|Win32.Build.0 = Release|Win32
		{20323DBB-6B95-4EFE-B419-71995C9D41B7}.Debug|Win32.ActiveCfg = Debug|Win32
		{20323DBB-6B95-4EFE-B419-71995C9D41B7}.Debug|Win32.Build.0 = Debug|Win32
		{20323DBB-6B95-4EFE-B419-71995C9D41B7}.Release|Win32.ActiveCfg = Release|Win32
		{20323DBB-6B95-4EFE-B419-71995C9D41B7}.Release|Win32.Build.0 = Release|Win32
		{564DFF90-887F-4C0D-BC13-89C5475A2F33}.Debug|Win32.ActiveCfg = Debug|Win32
		{564DFF90-887F-4C0D-BC13-89C5475A2F33}.Debug|Win32.Build.0 = Debug|Win32
		{564DFF90-887F-4C0D-BC13-89C5475A2F33}.Release|Win32.ActiveCfg = Release|Win32
		{564DFF90-887F-4C0D-BC13-89C5475A2F33}.Release|Win32.Build.0 = Release|Win32
	EndGlobalSection
	GlobalSection(SolutionProperties) = preSolution
		HideSolutionNode = FALSE
	EndGlobalSection
EndGlobal
