<?xml version="1.0" encoding="utf-8"?>
<Project ToolsVersion="4.0" xmlns="http://schemas.microsoft.com/developer/msbuild/2003">
  <ItemGroup>
    <Filter Include="Исходные файлы">
      <UniqueIdentifier>{4FC737F1-C7A5-4376-A066-2A32D752A2FF}</UniqueIdentifier>
      <Extensions>cpp;c;cc;cxx;def;odl;idl;hpj;bat;asm;asmx</Extensions>
    </Filter>
    <Filter Include="Classes">
      <UniqueIdentifier>{4593f7d6-7334-4b99-b584-15941d21b88c}</UniqueIdentifier>
    </Filter>
    <Filter Include="Headers">
      <UniqueIdentifier>{3fa4ba78-2f0d-4b55-934f-0093eeb9caa9}</UniqueIdentifier>
    </Filter>
  </ItemGroup>
  <ItemGroup>
    <ClCompile Include="main.cpp">
      <Filter>Исходные файлы</Filter>
    </ClCompile>
    <ClCompile Include="Classes\Time.cpp">
      <Filter>Classes</Filter>
    </ClCompile>
    <ClCompile Include="Classes\Date.cpp">
      <Filter>Classes</Filter>
    </ClCompile>
    <ClCompile Include="Classes\Task.cpp">
      <Filter>Classes</Filter>
    </ClCompile>
    <ClCompile Include="Classes\Task_Day.cpp">
      <Filter>Classes</Filter>
    </ClCompile>
    <ClCompile Include="Classes\Task_Std.cpp">
      <Filter>Classes</Filter>
    </ClCompile>
    <ClCompile Include="Classes\List.cpp">
      <Filter>Classes</Filter>
    </ClCompile>
  </ItemGroup>
  <ItemGroup>
    <ClInclude Include="includes.h">
      <Filter>Исходные файлы</Filter>
    </ClInclude>
    <ClInclude Include="Headers\Task_Day.h">
      <Filter>Headers</Filter>
    </ClInclude>
    <ClInclude Include="Headers\Task_Std.h">
      <Filter>Headers</Filter>
    </ClInclude>
    <ClInclude Include="Headers\Time.h">
      <Filter>Headers</Filter>
    </ClInclude>
    <ClInclude Include="Headers\Date.h">
      <Filter>Headers</Filter>
    </ClInclude>
    <ClInclude Include="Headers\Task.h">
      <Filter>Headers</Filter>
    </ClInclude>
    <ClInclude Include="Headers\List.h">
      <Filter>Headers</Filter>
    </ClInclude>
  </ItemGroup>
</Project>