
Microsoft Visual Studio Solution File, Format Version 12.00
# Visual Studio Version 17
VisualStudioVersion = 17.7.34018.315
MinimumVisualStudioVersion = 10.0.40219.1
Project("{8BC9CEB8-8B4A-11D0-8D11-00A0C91BC942}") = "Practice0", "Practice0\Practice0.vcxproj", "{7775FD8B-8A7F-4248-8A0D-C480332FC228}"
EndProject
Global
	GlobalSection(SolutionConfigurationPlatforms) = preSolution
		Debug|x64 = Debug|x64
		Debug|x86 = Debug|x86
		Release|x64 = Release|x64
		Release|x86 = Release|x86
	EndGlobalSection
	GlobalSection(ProjectConfigurationPlatforms) = postSolution
		{7775FD8B-8A7F-4248-8A0D-C480332FC228}.Debug|x64.ActiveCfg = Debug|x64
		{7775FD8B-8A7F-4248-8A0D-C480332FC228}.Debug|x64.Build.0 = Debug|x64
		{7775FD8B-8A7F-4248-8A0D-C480332FC228}.Debug|x86.ActiveCfg = Debug|Win32
		{7775FD8B-8A7F-4248-8A0D-C480332FC228}.Debug|x86.Build.0 = Debug|Win32
		{7775FD8B-8A7F-4248-8A0D-C480332FC228}.Release|x64.ActiveCfg = Release|x64
		{7775FD8B-8A7F-4248-8A0D-C480332FC228}.Release|x64.Build.0 = Release|x64
		{7775FD8B-8A7F-4248-8A0D-C480332FC228}.Release|x86.ActiveCfg = Release|Win32
		{7775FD8B-8A7F-4248-8A0D-C480332FC228}.Release|x86.Build.0 = Release|Win32
	EndGlobalSection
	GlobalSection(SolutionProperties) = preSolution
		HideSolutionNode = FALSE
	EndGlobalSection
	GlobalSection(ExtensibilityGlobals) = postSolution
		SolutionGuid = {F1622734-F2BA-4BCB-8404-94210D087836}
	EndGlobalSection
EndGlobal
