
Microsoft Visual Studio Solution File, Format Version 12.00
# Visual Studio Version 17
VisualStudioVersion = 17.14.36429.23 d17.14
MinimumVisualStudioVersion = 10.0.40219.1
Project("{8BC9CEB8-8B4A-11D0-8D11-00A0C91BC942}") = "lab_5", "lab_5.vcxproj", "{45C549CA-CB2C-4CF7-BE9D-53F83CD55CF6}"
EndProject
Global
	GlobalSection(SolutionConfigurationPlatforms) = preSolution
		Debug|x64 = Debug|x64
		Debug|x86 = Debug|x86
		Release|x64 = Release|x64
		Release|x86 = Release|x86
	EndGlobalSection
	GlobalSection(ProjectConfigurationPlatforms) = postSolution
		{45C549CA-CB2C-4CF7-BE9D-53F83CD55CF6}.Debug|x64.ActiveCfg = Debug|x64
		{45C549CA-CB2C-4CF7-BE9D-53F83CD55CF6}.Debug|x64.Build.0 = Debug|x64
		{45C549CA-CB2C-4CF7-BE9D-53F83CD55CF6}.Debug|x86.ActiveCfg = Debug|Win32
		{45C549CA-CB2C-4CF7-BE9D-53F83CD55CF6}.Debug|x86.Build.0 = Debug|Win32
		{45C549CA-CB2C-4CF7-BE9D-53F83CD55CF6}.Release|x64.ActiveCfg = Release|x64
		{45C549CA-CB2C-4CF7-BE9D-53F83CD55CF6}.Release|x64.Build.0 = Release|x64
		{45C549CA-CB2C-4CF7-BE9D-53F83CD55CF6}.Release|x86.ActiveCfg = Release|Win32
		{45C549CA-CB2C-4CF7-BE9D-53F83CD55CF6}.Release|x86.Build.0 = Release|Win32
	EndGlobalSection
	GlobalSection(SolutionProperties) = preSolution
		HideSolutionNode = FALSE
	EndGlobalSection
	GlobalSection(ExtensibilityGlobals) = postSolution
		SolutionGuid = {DEFF0E33-B87D-4ED6-870A-5A75217AB7DF}
	EndGlobalSection
EndGlobal
