
Microsoft Visual Studio Solution File, Format Version 12.00
# Visual Studio Version 17
VisualStudioVersion = 17.14.36429.23 d17.14
MinimumVisualStudioVersion = 10.0.40219.1
Project("{8BC9CEB8-8B4A-11D0-8D11-00A0C91BC942}") = "personalLibrary", "personalLibrary\personalLibrary.vcxproj", "{8F2E35EF-E834-4319-9523-DA460DC85368}"
EndProject
Global
	GlobalSection(SolutionConfigurationPlatforms) = preSolution
		Debug|x64 = Debug|x64
		Debug|x86 = Debug|x86
		Release|x64 = Release|x64
		Release|x86 = Release|x86
	EndGlobalSection
	GlobalSection(ProjectConfigurationPlatforms) = postSolution
		{8F2E35EF-E834-4319-9523-DA460DC85368}.Debug|x64.ActiveCfg = Debug|x64
		{8F2E35EF-E834-4319-9523-DA460DC85368}.Debug|x64.Build.0 = Debug|x64
		{8F2E35EF-E834-4319-9523-DA460DC85368}.Debug|x86.ActiveCfg = Debug|Win32
		{8F2E35EF-E834-4319-9523-DA460DC85368}.Debug|x86.Build.0 = Debug|Win32
		{8F2E35EF-E834-4319-9523-DA460DC85368}.Release|x64.ActiveCfg = Release|x64
		{8F2E35EF-E834-4319-9523-DA460DC85368}.Release|x64.Build.0 = Release|x64
		{8F2E35EF-E834-4319-9523-DA460DC85368}.Release|x86.ActiveCfg = Release|Win32
		{8F2E35EF-E834-4319-9523-DA460DC85368}.Release|x86.Build.0 = Release|Win32
	EndGlobalSection
	GlobalSection(SolutionProperties) = preSolution
		HideSolutionNode = FALSE
	EndGlobalSection
	GlobalSection(ExtensibilityGlobals) = postSolution
		SolutionGuid = {E5D30D46-90D2-4F4A-90F0-9316ED0C03DF}
	EndGlobalSection
EndGlobal
