
Microsoft Visual Studio Solution File, Format Version 12.00
# Visual Studio 2013
VisualStudioVersion = 12.0.21005.1
MinimumVisualStudioVersion = 10.0.40219.1
Project("{8BC9CEB8-8B4A-11D0-8D11-00A0C91BC942}") = "Practice0", "Practice0\Practice0.vcxproj", "{729629E9-DD22-4A69-83C8-352F05E5222B}"
EndProject
Project("{8BC9CEB8-8B4A-11D0-8D11-00A0C91BC942}") = "Practice1", "Practice1\Practice1.vcxproj", "{DA481853-1F5C-4B43-B329-ADD64B99D23A}"
EndProject
Project("{8BC9CEB8-8B4A-11D0-8D11-00A0C91BC942}") = "Practice2", "Practice2\Practice2.vcxproj", "{3214444D-52E3-4870-8147-302EC7F2FA71}"
EndProject
Project("{8BC9CEB8-8B4A-11D0-8D11-00A0C91BC942}") = "Practice3", "Practice3\Practice3.vcxproj", "{CEAE28B6-C6C9-4D4C-80DE-8AE05DACF6AA}"
EndProject
Global
	GlobalSection(SolutionConfigurationPlatforms) = preSolution
		Debug|Mixed Platforms = Debug|Mixed Platforms
		Debug|Win32 = Debug|Win32
		Debug|x64 = Debug|x64
		Debug|x86 = Debug|x86
		Release|Mixed Platforms = Release|Mixed Platforms
		Release|Win32 = Release|Win32
		Release|x64 = Release|x64
		Release|x86 = Release|x86
	EndGlobalSection
	GlobalSection(ProjectConfigurationPlatforms) = postSolution
		{729629E9-DD22-4A69-83C8-352F05E5222B}.Debug|Mixed Platforms.ActiveCfg = Debug|Win32
		{729629E9-DD22-4A69-83C8-352F05E5222B}.Debug|Mixed Platforms.Build.0 = Debug|Win32
		{729629E9-DD22-4A69-83C8-352F05E5222B}.Debug|Win32.ActiveCfg = Debug|Win32
		{729629E9-DD22-4A69-83C8-352F05E5222B}.Debug|Win32.Build.0 = Debug|Win32
		{729629E9-DD22-4A69-83C8-352F05E5222B}.Debug|x64.ActiveCfg = Debug|x64
		{729629E9-DD22-4A69-83C8-352F05E5222B}.Debug|x64.Build.0 = Debug|x64
		{729629E9-DD22-4A69-83C8-352F05E5222B}.Debug|x86.ActiveCfg = Debug|Win32
		{729629E9-DD22-4A69-83C8-352F05E5222B}.Debug|x86.Build.0 = Debug|Win32
		{729629E9-DD22-4A69-83C8-352F05E5222B}.Release|Mixed Platforms.ActiveCfg = Release|Win32
		{729629E9-DD22-4A69-83C8-352F05E5222B}.Release|Mixed Platforms.Build.0 = Release|Win32
		{729629E9-DD22-4A69-83C8-352F05E5222B}.Release|Win32.ActiveCfg = Release|Win32
		{729629E9-DD22-4A69-83C8-352F05E5222B}.Release|Win32.Build.0 = Release|Win32
		{729629E9-DD22-4A69-83C8-352F05E5222B}.Release|x64.ActiveCfg = Release|x64
		{729629E9-DD22-4A69-83C8-352F05E5222B}.Release|x64.Build.0 = Release|x64
		{729629E9-DD22-4A69-83C8-352F05E5222B}.Release|x86.ActiveCfg = Release|Win32
		{729629E9-DD22-4A69-83C8-352F05E5222B}.Release|x86.Build.0 = Release|Win32
		{DA481853-1F5C-4B43-B329-ADD64B99D23A}.Debug|Mixed Platforms.ActiveCfg = Debug|Win32
		{DA481853-1F5C-4B43-B329-ADD64B99D23A}.Debug|Mixed Platforms.Build.0 = Debug|Win32
		{DA481853-1F5C-4B43-B329-ADD64B99D23A}.Debug|Win32.ActiveCfg = Debug|Win32
		{DA481853-1F5C-4B43-B329-ADD64B99D23A}.Debug|Win32.Build.0 = Debug|Win32
		{DA481853-1F5C-4B43-B329-ADD64B99D23A}.Debug|x64.ActiveCfg = Debug|x64
		{DA481853-1F5C-4B43-B329-ADD64B99D23A}.Debug|x64.Build.0 = Debug|x64
		{DA481853-1F5C-4B43-B329-ADD64B99D23A}.Debug|x86.ActiveCfg = Debug|Win32
		{DA481853-1F5C-4B43-B329-ADD64B99D23A}.Debug|x86.Build.0 = Debug|Win32
		{DA481853-1F5C-4B43-B329-ADD64B99D23A}.Release|Mixed Platforms.ActiveCfg = Release|Win32
		{DA481853-1F5C-4B43-B329-ADD64B99D23A}.Release|Mixed Platforms.Build.0 = Release|Win32
		{DA481853-1F5C-4B43-B329-ADD64B99D23A}.Release|Win32.ActiveCfg = Release|Win32
		{DA481853-1F5C-4B43-B329-ADD64B99D23A}.Release|Win32.Build.0 = Release|Win32
		{DA481853-1F5C-4B43-B329-ADD64B99D23A}.Release|x64.ActiveCfg = Release|x64
		{DA481853-1F5C-4B43-B329-ADD64B99D23A}.Release|x64.Build.0 = Release|x64
		{DA481853-1F5C-4B43-B329-ADD64B99D23A}.Release|x86.ActiveCfg = Release|Win32
		{DA481853-1F5C-4B43-B329-ADD64B99D23A}.Release|x86.Build.0 = Release|Win32
		{3214444D-52E3-4870-8147-302EC7F2FA71}.Debug|Mixed Platforms.ActiveCfg = Debug|Win32
		{3214444D-52E3-4870-8147-302EC7F2FA71}.Debug|Mixed Platforms.Build.0 = Debug|Win32
		{3214444D-52E3-4870-8147-302EC7F2FA71}.Debug|Win32.ActiveCfg = Debug|Win32
		{3214444D-52E3-4870-8147-302EC7F2FA71}.Debug|Win32.Build.0 = Debug|Win32
		{3214444D-52E3-4870-8147-302EC7F2FA71}.Debug|x64.ActiveCfg = Debug|Win32
		{3214444D-52E3-4870-8147-302EC7F2FA71}.Debug|x86.ActiveCfg = Debug|Win32
		{3214444D-52E3-4870-8147-302EC7F2FA71}.Debug|x86.Build.0 = Debug|Win32
		{3214444D-52E3-4870-8147-302EC7F2FA71}.Release|Mixed Platforms.ActiveCfg = Release|Win32
		{3214444D-52E3-4870-8147-302EC7F2FA71}.Release|Mixed Platforms.Build.0 = Release|Win32
		{3214444D-52E3-4870-8147-302EC7F2FA71}.Release|Win32.ActiveCfg = Release|Win32
		{3214444D-52E3-4870-8147-302EC7F2FA71}.Release|Win32.Build.0 = Release|Win32
		{3214444D-52E3-4870-8147-302EC7F2FA71}.Release|x64.ActiveCfg = Release|Win32
		{3214444D-52E3-4870-8147-302EC7F2FA71}.Release|x86.ActiveCfg = Release|Win32
		{3214444D-52E3-4870-8147-302EC7F2FA71}.Release|x86.Build.0 = Release|Win32
		{CEAE28B6-C6C9-4D4C-80DE-8AE05DACF6AA}.Debug|Mixed Platforms.ActiveCfg = Debug|Win32
		{CEAE28B6-C6C9-4D4C-80DE-8AE05DACF6AA}.Debug|Mixed Platforms.Build.0 = Debug|Win32
		{CEAE28B6-C6C9-4D4C-80DE-8AE05DACF6AA}.Debug|Win32.ActiveCfg = Debug|Win32
		{CEAE28B6-C6C9-4D4C-80DE-8AE05DACF6AA}.Debug|Win32.Build.0 = Debug|Win32
		{CEAE28B6-C6C9-4D4C-80DE-8AE05DACF6AA}.Debug|x64.ActiveCfg = Debug|Win32
		{CEAE28B6-C6C9-4D4C-80DE-8AE05DACF6AA}.Debug|x86.ActiveCfg = Debug|Win32
		{CEAE28B6-C6C9-4D4C-80DE-8AE05DACF6AA}.Debug|x86.Build.0 = Debug|Win32
		{CEAE28B6-C6C9-4D4C-80DE-8AE05DACF6AA}.Release|Mixed Platforms.ActiveCfg = Release|Win32
		{CEAE28B6-C6C9-4D4C-80DE-8AE05DACF6AA}.Release|Mixed Platforms.Build.0 = Release|Win32
		{CEAE28B6-C6C9-4D4C-80DE-8AE05DACF6AA}.Release|Win32.ActiveCfg = Release|Win32
		{CEAE28B6-C6C9-4D4C-80DE-8AE05DACF6AA}.Release|Win32.Build.0 = Release|Win32
		{CEAE28B6-C6C9-4D4C-80DE-8AE05DACF6AA}.Release|x64.ActiveCfg = Release|Win32
		{CEAE28B6-C6C9-4D4C-80DE-8AE05DACF6AA}.Release|x86.ActiveCfg = Release|Win32
		{CEAE28B6-C6C9-4D4C-80DE-8AE05DACF6AA}.Release|x86.Build.0 = Release|Win32
	EndGlobalSection
	GlobalSection(SolutionProperties) = preSolution
		HideSolutionNode = FALSE
	EndGlobalSection
	GlobalSection(ExtensibilityGlobals) = postSolution
		SolutionGuid = {5CDA72F9-2F74-4C2D-BFF2-60266840C091}
	EndGlobalSection
EndGlobal
