
Microsoft Visual Studio Solution File, Format Version 12.00
# Visual Studio 15
VisualStudioVersion = 15.0.26430.6
MinimumVisualStudioVersion = 10.0.40219.1
Project("{8BC9CEB8-8B4A-11D0-8D11-00A0C91BC942}") = "Practice0", "Practice0\Practice0.vcxproj", "{A1DFE73D-F15D-4A49-9AE8-991D9AE8FD06}"
EndProject
Project("{8BC9CEB8-8B4A-11D0-8D11-00A0C91BC942}") = "Practice1", "Practice1\Practice1.vcxproj", "{B8ABAE9D-D6DA-4057-AAAE-DF030B3326A0}"
EndProject
Project("{8BC9CEB8-8B4A-11D0-8D11-00A0C91BC942}") = "Practice2", "Practice2\Practice2.vcxproj", "{EE261D63-4F9F-4E7A-903B-568FCF77D749}"
EndProject
Project("{8BC9CEB8-8B4A-11D0-8D11-00A0C91BC942}") = "Practice3", "Practice3\Practice3.vcxproj", "{2D3E58DB-149F-47D2-8701-51C37D95A396}"
EndProject
Global
	GlobalSection(SolutionConfigurationPlatforms) = preSolution
		Debug|Mixed Platforms = Debug|Mixed Platforms
		Debug|Win32 = Debug|Win32
		Debug|x64 = Debug|x64
		Debug|x86 = Debug|x86
		Release|Mixed Platforms = Release|Mixed Platforms
		Release|Win32 = Release|Win32
		Release|x64 = Release|x64
		Release|x86 = Release|x86
	EndGlobalSection
	GlobalSection(ProjectConfigurationPlatforms) = postSolution
		{A1DFE73D-F15D-4A49-9AE8-991D9AE8FD06}.Debug|Mixed Platforms.ActiveCfg = Debug|Win32
		{A1DFE73D-F15D-4A49-9AE8-991D9AE8FD06}.Debug|Mixed Platforms.Build.0 = Debug|Win32
		{A1DFE73D-F15D-4A49-9AE8-991D9AE8FD06}.Debug|Win32.ActiveCfg = Debug|Win32
		{A1DFE73D-F15D-4A49-9AE8-991D9AE8FD06}.Debug|Win32.Build.0 = Debug|Win32
		{A1DFE73D-F15D-4A49-9AE8-991D9AE8FD06}.Debug|x64.ActiveCfg = Debug|x64
		{A1DFE73D-F15D-4A49-9AE8-991D9AE8FD06}.Debug|x64.Build.0 = Debug|x64
		{A1DFE73D-F15D-4A49-9AE8-991D9AE8FD06}.Debug|x86.ActiveCfg = Debug|Win32
		{A1DFE73D-F15D-4A49-9AE8-991D9AE8FD06}.Debug|x86.Build.0 = Debug|Win32
		{A1DFE73D-F15D-4A49-9AE8-991D9AE8FD06}.Release|Mixed Platforms.ActiveCfg = Release|Win32
		{A1DFE73D-F15D-4A49-9AE8-991D9AE8FD06}.Release|Mixed Platforms.Build.0 = Release|Win32
		{A1DFE73D-F15D-4A49-9AE8-991D9AE8FD06}.Release|Win32.ActiveCfg = Release|Win32
		{A1DFE73D-F15D-4A49-9AE8-991D9AE8FD06}.Release|Win32.Build.0 = Release|Win32
		{A1DFE73D-F15D-4A49-9AE8-991D9AE8FD06}.Release|x64.ActiveCfg = Release|x64
		{A1DFE73D-F15D-4A49-9AE8-991D9AE8FD06}.Release|x64.Build.0 = Release|x64
		{A1DFE73D-F15D-4A49-9AE8-991D9AE8FD06}.Release|x86.ActiveCfg = Release|Win32
		{A1DFE73D-F15D-4A49-9AE8-991D9AE8FD06}.Release|x86.Build.0 = Release|Win32
		{B8ABAE9D-D6DA-4057-AAAE-DF030B3326A0}.Debug|Mixed Platforms.ActiveCfg = Debug|Win32
		{B8ABAE9D-D6DA-4057-AAAE-DF030B3326A0}.Debug|Mixed Platforms.Build.0 = Debug|Win32
		{B8ABAE9D-D6DA-4057-AAAE-DF030B3326A0}.Debug|Mixed Platforms.Deploy.0 = Debug|Win32
		{B8ABAE9D-D6DA-4057-AAAE-DF030B3326A0}.Debug|Win32.ActiveCfg = Debug|Win32
		{B8ABAE9D-D6DA-4057-AAAE-DF030B3326A0}.Debug|Win32.Build.0 = Debug|Win32
		{B8ABAE9D-D6DA-4057-AAAE-DF030B3326A0}.Debug|Win32.Deploy.0 = Debug|Win32
		{B8ABAE9D-D6DA-4057-AAAE-DF030B3326A0}.Debug|x64.ActiveCfg = Debug|x64
		{B8ABAE9D-D6DA-4057-AAAE-DF030B3326A0}.Debug|x64.Build.0 = Debug|x64
		{B8ABAE9D-D6DA-4057-AAAE-DF030B3326A0}.Debug|x64.Deploy.0 = Debug|x64
		{B8ABAE9D-D6DA-4057-AAAE-DF030B3326A0}.Debug|x86.ActiveCfg = Debug|Win32
		{B8ABAE9D-D6DA-4057-AAAE-DF030B3326A0}.Debug|x86.Build.0 = Debug|Win32
		{B8ABAE9D-D6DA-4057-AAAE-DF030B3326A0}.Debug|x86.Deploy.0 = Debug|Win32
		{B8ABAE9D-D6DA-4057-AAAE-DF030B3326A0}.Release|Mixed Platforms.ActiveCfg = Release|Win32
		{B8ABAE9D-D6DA-4057-AAAE-DF030B3326A0}.Release|Mixed Platforms.Build.0 = Release|Win32
		{B8ABAE9D-D6DA-4057-AAAE-DF030B3326A0}.Release|Mixed Platforms.Deploy.0 = Release|Win32
		{B8ABAE9D-D6DA-4057-AAAE-DF030B3326A0}.Release|Win32.ActiveCfg = Release|Win32
		{B8ABAE9D-D6DA-4057-AAAE-DF030B3326A0}.Release|Win32.Build.0 = Release|Win32
		{B8ABAE9D-D6DA-4057-AAAE-DF030B3326A0}.Release|Win32.Deploy.0 = Release|Win32
		{B8ABAE9D-D6DA-4057-AAAE-DF030B3326A0}.Release|x64.ActiveCfg = Release|x64
		{B8ABAE9D-D6DA-4057-AAAE-DF030B3326A0}.Release|x64.Build.0 = Release|x64
		{B8ABAE9D-D6DA-4057-AAAE-DF030B3326A0}.Release|x64.Deploy.0 = Release|x64
		{B8ABAE9D-D6DA-4057-AAAE-DF030B3326A0}.Release|x86.ActiveCfg = Release|Win32
		{B8ABAE9D-D6DA-4057-AAAE-DF030B3326A0}.Release|x86.Build.0 = Release|Win32
		{B8ABAE9D-D6DA-4057-AAAE-DF030B3326A0}.Release|x86.Deploy.0 = Release|Win32
		{EE261D63-4F9F-4E7A-903B-568FCF77D749}.Debug|Mixed Platforms.ActiveCfg = Debug|Win32
		{EE261D63-4F9F-4E7A-903B-568FCF77D749}.Debug|Mixed Platforms.Build.0 = Debug|Win32
		{EE261D63-4F9F-4E7A-903B-568FCF77D749}.Debug|Mixed Platforms.Deploy.0 = Debug|Win32
		{EE261D63-4F9F-4E7A-903B-568FCF77D749}.Debug|Win32.ActiveCfg = Debug|Win32
		{EE261D63-4F9F-4E7A-903B-568FCF77D749}.Debug|Win32.Build.0 = Debug|Win32
		{EE261D63-4F9F-4E7A-903B-568FCF77D749}.Debug|Win32.Deploy.0 = Debug|Win32
		{EE261D63-4F9F-4E7A-903B-568FCF77D749}.Debug|x64.ActiveCfg = Debug|Win32
		{EE261D63-4F9F-4E7A-903B-568FCF77D749}.Debug|x86.ActiveCfg = Debug|Win32
		{EE261D63-4F9F-4E7A-903B-568FCF77D749}.Debug|x86.Build.0 = Debug|Win32
		{EE261D63-4F9F-4E7A-903B-568FCF77D749}.Debug|x86.Deploy.0 = Debug|Win32
		{EE261D63-4F9F-4E7A-903B-568FCF77D749}.Release|Mixed Platforms.ActiveCfg = Release|Win32
		{EE261D63-4F9F-4E7A-903B-568FCF77D749}.Release|Mixed Platforms.Build.0 = Release|Win32
		{EE261D63-4F9F-4E7A-903B-568FCF77D749}.Release|Mixed Platforms.Deploy.0 = Release|Win32
		{EE261D63-4F9F-4E7A-903B-568FCF77D749}.Release|Win32.ActiveCfg = Release|Win32
		{EE261D63-4F9F-4E7A-903B-568FCF77D749}.Release|Win32.Build.0 = Release|Win32
		{EE261D63-4F9F-4E7A-903B-568FCF77D749}.Release|Win32.Deploy.0 = Release|Win32
		{EE261D63-4F9F-4E7A-903B-568FCF77D749}.Release|x64.ActiveCfg = Release|Win32
		{EE261D63-4F9F-4E7A-903B-568FCF77D749}.Release|x86.ActiveCfg = Release|Win32
		{EE261D63-4F9F-4E7A-903B-568FCF77D749}.Release|x86.Build.0 = Release|Win32
		{EE261D63-4F9F-4E7A-903B-568FCF77D749}.Release|x86.Deploy.0 = Release|Win32
		{2D3E58DB-149F-47D2-8701-51C37D95A396}.Debug|Mixed Platforms.ActiveCfg = Debug|Win32
		{2D3E58DB-149F-47D2-8701-51C37D95A396}.Debug|Mixed Platforms.Build.0 = Debug|Win32
		{2D3E58DB-149F-47D2-8701-51C37D95A396}.Debug|Mixed Platforms.Deploy.0 = Debug|Win32
		{2D3E58DB-149F-47D2-8701-51C37D95A396}.Debug|Win32.ActiveCfg = Debug|Win32
		{2D3E58DB-149F-47D2-8701-51C37D95A396}.Debug|Win32.Build.0 = Debug|Win32
		{2D3E58DB-149F-47D2-8701-51C37D95A396}.Debug|Win32.Deploy.0 = Debug|Win32
		{2D3E58DB-149F-47D2-8701-51C37D95A396}.Debug|x64.ActiveCfg = Debug|Win32
		{2D3E58DB-149F-47D2-8701-51C37D95A396}.Debug|x86.ActiveCfg = Debug|Win32
		{2D3E58DB-149F-47D2-8701-51C37D95A396}.Debug|x86.Build.0 = Debug|Win32
		{2D3E58DB-149F-47D2-8701-51C37D95A396}.Debug|x86.Deploy.0 = Debug|Win32
		{2D3E58DB-149F-47D2-8701-51C37D95A396}.Release|Mixed Platforms.ActiveCfg = Release|Win32
		{2D3E58DB-149F-47D2-8701-51C37D95A396}.Release|Mixed Platforms.Build.0 = Release|Win32
		{2D3E58DB-149F-47D2-8701-51C37D95A396}.Release|Mixed Platforms.Deploy.0 = Release|Win32
		{2D3E58DB-149F-47D2-8701-51C37D95A396}.Release|Win32.ActiveCfg = Release|Win32
		{2D3E58DB-149F-47D2-8701-51C37D95A396}.Release|Win32.Build.0 = Release|Win32
		{2D3E58DB-149F-47D2-8701-51C37D95A396}.Release|Win32.Deploy.0 = Release|Win32
		{2D3E58DB-149F-47D2-8701-51C37D95A396}.Release|x64.ActiveCfg = Release|Win32
		{2D3E58DB-149F-47D2-8701-51C37D95A396}.Release|x86.ActiveCfg = Release|Win32
		{2D3E58DB-149F-47D2-8701-51C37D95A396}.Release|x86.Build.0 = Release|Win32
		{2D3E58DB-149F-47D2-8701-51C37D95A396}.Release|x86.Deploy.0 = Release|Win32
	EndGlobalSection
	GlobalSection(SolutionProperties) = preSolution
		HideSolutionNode = FALSE
	EndGlobalSection
EndGlobal
