
Microsoft Visual Studio Solution File, Format Version 12.00
# Visual Studio Version 16
VisualStudioVersion = 16.0.29509.3
MinimumVisualStudioVersion = 10.0.40219.1
Project("{8BC9CEB8-8B4A-11D0-8D11-00A0C91BC942}") = "Project", "Project\Project.vcxproj", "{A0966C3C-9E1A-49AC-9752-AB7099F5F353}"
EndProject
Global
	GlobalSection(SolutionConfigurationPlatforms) = preSolution
		Debug|x64 = Debug|x64
		Debug|x86 = Debug|x86
		Release|x64 = Release|x64
		Release|x86 = Release|x86
	EndGlobalSection
	GlobalSection(ProjectConfigurationPlatforms) = postSolution
		{A0966C3C-9E1A-49AC-9752-AB7099F5F353}.Debug|x64.ActiveCfg = Debug|x64
		{A0966C3C-9E1A-49AC-9752-AB7099F5F353}.Debug|x64.Build.0 = Debug|x64
		{A0966C3C-9E1A-49AC-9752-AB7099F5F353}.Debug|x86.ActiveCfg = Debug|Win32
		{A0966C3C-9E1A-49AC-9752-AB7099F5F353}.Debug|x86.Build.0 = Debug|Win32
		{A0966C3C-9E1A-49AC-9752-AB7099F5F353}.Release|x64.ActiveCfg = Release|x64
		{A0966C3C-9E1A-49AC-9752-AB7099F5F353}.Release|x64.Build.0 = Release|x64
		{A0966C3C-9E1A-49AC-9752-AB7099F5F353}.Release|x86.ActiveCfg = Release|Win32
		{A0966C3C-9E1A-49AC-9752-AB7099F5F353}.Release|x86.Build.0 = Release|Win32
	EndGlobalSection
	GlobalSection(SolutionProperties) = preSolution
		HideSolutionNode = FALSE
	EndGlobalSection
	GlobalSection(ExtensibilityGlobals) = postSolution
		SolutionGuid = {9FF3AEBC-A3CA-42BA-A5D2-06324F6AC2A0}
	EndGlobalSection
EndGlobal
