
Microsoft Visual Studio Solution File, Format Version 12.00
# Visual Studio Version 17
VisualStudioVersion = 17.3.32901.215
MinimumVisualStudioVersion = 10.0.40219.1
Project("{8BC9CEB8-8B4A-11D0-8D11-00A0C91BC942}") = "Practice5", "Practice5\Practice5.vcxproj", "{430ACA7D-448B-4590-B5E5-D62C9FF80081}"
EndProject
Global
	GlobalSection(SolutionConfigurationPlatforms) = preSolution
		Debug|x64 = Debug|x64
		Debug|x86 = Debug|x86
		Release|x64 = Release|x64
		Release|x86 = Release|x86
	EndGlobalSection
	GlobalSection(ProjectConfigurationPlatforms) = postSolution
		{430ACA7D-448B-4590-B5E5-D62C9FF80081}.Debug|x64.ActiveCfg = Debug|x64
		{430ACA7D-448B-4590-B5E5-D62C9FF80081}.Debug|x64.Build.0 = Debug|x64
		{430ACA7D-448B-4590-B5E5-D62C9FF80081}.Debug|x86.ActiveCfg = Debug|Win32
		{430ACA7D-448B-4590-B5E5-D62C9FF80081}.Debug|x86.Build.0 = Debug|Win32
		{430ACA7D-448B-4590-B5E5-D62C9FF80081}.Release|x64.ActiveCfg = Release|x64
		{430ACA7D-448B-4590-B5E5-D62C9FF80081}.Release|x64.Build.0 = Release|x64
		{430ACA7D-448B-4590-B5E5-D62C9FF80081}.Release|x86.ActiveCfg = Release|Win32
		{430ACA7D-448B-4590-B5E5-D62C9FF80081}.Release|x86.Build.0 = Release|Win32
	EndGlobalSection
	GlobalSection(SolutionProperties) = preSolution
		HideSolutionNode = FALSE
	EndGlobalSection
	GlobalSection(ExtensibilityGlobals) = postSolution
		SolutionGuid = {D64D550E-66CC-4E29-902A-22A5BCBCAB49}
	EndGlobalSection
EndGlobal
