
Microsoft Visual Studio Solution File, Format Version 12.00
# Visual Studio Version 17
VisualStudioVersion = 17.14.36616.10 d17.14
MinimumVisualStudioVersion = 10.0.40219.1
Project("{8BC9CEB8-8B4A-11D0-8D11-00A0C91BC942}") = "Individual task p1", "Individual task p1\Individual task p1.vcxproj", "{1C7259AC-9E29-4A4F-AEDF-3DAF30D20290}"
EndProject
Global
	GlobalSection(SolutionConfigurationPlatforms) = preSolution
		Debug|x64 = Debug|x64
		Debug|x86 = Debug|x86
		Release|x64 = Release|x64
		Release|x86 = Release|x86
	EndGlobalSection
	GlobalSection(ProjectConfigurationPlatforms) = postSolution
		{1C7259AC-9E29-4A4F-AEDF-3DAF30D20290}.Debug|x64.ActiveCfg = Debug|x64
		{1C7259AC-9E29-4A4F-AEDF-3DAF30D20290}.Debug|x64.Build.0 = Debug|x64
		{1C7259AC-9E29-4A4F-AEDF-3DAF30D20290}.Debug|x86.ActiveCfg = Debug|Win32
		{1C7259AC-9E29-4A4F-AEDF-3DAF30D20290}.Debug|x86.Build.0 = Debug|Win32
		{1C7259AC-9E29-4A4F-AEDF-3DAF30D20290}.Release|x64.ActiveCfg = Release|x64
		{1C7259AC-9E29-4A4F-AEDF-3DAF30D20290}.Release|x64.Build.0 = Release|x64
		{1C7259AC-9E29-4A4F-AEDF-3DAF30D20290}.Release|x86.ActiveCfg = Release|Win32
		{1C7259AC-9E29-4A4F-AEDF-3DAF30D20290}.Release|x86.Build.0 = Release|Win32
	EndGlobalSection
	GlobalSection(SolutionProperties) = preSolution
		HideSolutionNode = FALSE
	EndGlobalSection
	GlobalSection(ExtensibilityGlobals) = postSolution
		SolutionGuid = {DD3D8B82-4C86-4079-9265-7D151E5AB26E}
	EndGlobalSection
EndGlobal
