
Microsoft Visual Studio Solution File, Format Version 12.00
# Visual Studio Version 17
VisualStudioVersion = 17.14.36429.23 d17.14
MinimumVisualStudioVersion = 10.0.40219.1
Project("{8BC9CEB8-8B4A-11D0-8D11-00A0C91BC942}") = "Homework0", "Homework0\Homework0.vcxproj", "{38B1090F-D3BB-4F6A-B190-791178315BDA}"
EndProject
Global
	GlobalSection(SolutionConfigurationPlatforms) = preSolution
		Debug|x64 = Debug|x64
		Debug|x86 = Debug|x86
		Release|x64 = Release|x64
		Release|x86 = Release|x86
	EndGlobalSection
	GlobalSection(ProjectConfigurationPlatforms) = postSolution
		{38B1090F-D3BB-4F6A-B190-791178315BDA}.Debug|x64.ActiveCfg = Debug|x64
		{38B1090F-D3BB-4F6A-B190-791178315BDA}.Debug|x64.Build.0 = Debug|x64
		{38B1090F-D3BB-4F6A-B190-791178315BDA}.Debug|x86.ActiveCfg = Debug|Win32
		{38B1090F-D3BB-4F6A-B190-791178315BDA}.Debug|x86.Build.0 = Debug|Win32
		{38B1090F-D3BB-4F6A-B190-791178315BDA}.Release|x64.ActiveCfg = Release|x64
		{38B1090F-D3BB-4F6A-B190-791178315BDA}.Release|x64.Build.0 = Release|x64
		{38B1090F-D3BB-4F6A-B190-791178315BDA}.Release|x86.ActiveCfg = Release|Win32
		{38B1090F-D3BB-4F6A-B190-791178315BDA}.Release|x86.Build.0 = Release|Win32
	EndGlobalSection
	GlobalSection(SolutionProperties) = preSolution
		HideSolutionNode = FALSE
	EndGlobalSection
	GlobalSection(ExtensibilityGlobals) = postSolution
		SolutionGuid = {9A5C9801-5277-4542-8ED9-DBA84FC2CEF5}
	EndGlobalSection
EndGlobal
