
Microsoft Visual Studio Solution File, Format Version 12.00
# Visual Studio Version 16
VisualStudioVersion = 16.0.30804.86
MinimumVisualStudioVersion = 10.0.40219.1
Project("{8BC9CEB8-8B4A-11D0-8D11-00A0C91BC942}") = "Project2", "Project2.vcxproj", "{8CD7022D-752D-4493-B792-2D7808A6FCBE}"
EndProject
Global
	GlobalSection(SolutionConfigurationPlatforms) = preSolution
		Debug|x64 = Debug|x64
		Debug|x86 = Debug|x86
		Release|x64 = Release|x64
		Release|x86 = Release|x86
	EndGlobalSection
	GlobalSection(ProjectConfigurationPlatforms) = postSolution
		{8CD7022D-752D-4493-B792-2D7808A6FCBE}.Debug|x64.ActiveCfg = Debug|x64
		{8CD7022D-752D-4493-B792-2D7808A6FCBE}.Debug|x64.Build.0 = Debug|x64
		{8CD7022D-752D-4493-B792-2D7808A6FCBE}.Debug|x86.ActiveCfg = Debug|Win32
		{8CD7022D-752D-4493-B792-2D7808A6FCBE}.Debug|x86.Build.0 = Debug|Win32
		{8CD7022D-752D-4493-B792-2D7808A6FCBE}.Release|x64.ActiveCfg = Release|x64
		{8CD7022D-752D-4493-B792-2D7808A6FCBE}.Release|x64.Build.0 = Release|x64
		{8CD7022D-752D-4493-B792-2D7808A6FCBE}.Release|x86.ActiveCfg = Release|Win32
		{8CD7022D-752D-4493-B792-2D7808A6FCBE}.Release|x86.Build.0 = Release|Win32
	EndGlobalSection
	GlobalSection(SolutionProperties) = preSolution
		HideSolutionNode = FALSE
	EndGlobalSection
	GlobalSection(ExtensibilityGlobals) = postSolution
		SolutionGuid = {8C232881-D51D-489D-9DD3-2D9A9367F6A5}
	EndGlobalSection
EndGlobal
