
Microsoft Visual Studio Solution File, Format Version 12.00
# Visual Studio 15
VisualStudioVersion = 15.0.28010.2046
MinimumVisualStudioVersion = 10.0.40219.1
Project("{8BC9CEB8-8B4A-11D0-8D11-00A0C91BC942}") = "Practice0", "Practice0\Practice0.vcxproj", "{A0DB3588-7350-465E-A935-AA2D32B7B9DA}"
EndProject
Project("{8BC9CEB8-8B4A-11D0-8D11-00A0C91BC942}") = "Practice1", "Practice1\Practice1.vcxproj", "{93406A15-1260-4CB3-A826-794D4E9DC0D8}"
EndProject
Global
	GlobalSection(SolutionConfigurationPlatforms) = preSolution
		Debug|x64 = Debug|x64
		Debug|x86 = Debug|x86
		Release|x64 = Release|x64
		Release|x86 = Release|x86
	EndGlobalSection
	GlobalSection(ProjectConfigurationPlatforms) = postSolution
		{A0DB3588-7350-465E-A935-AA2D32B7B9DA}.Debug|x64.ActiveCfg = Debug|x64
		{A0DB3588-7350-465E-A935-AA2D32B7B9DA}.Debug|x64.Build.0 = Debug|x64
		{A0DB3588-7350-465E-A935-AA2D32B7B9DA}.Debug|x86.ActiveCfg = Debug|Win32
		{A0DB3588-7350-465E-A935-AA2D32B7B9DA}.Debug|x86.Build.0 = Debug|Win32
		{A0DB3588-7350-465E-A935-AA2D32B7B9DA}.Release|x64.ActiveCfg = Release|x64
		{A0DB3588-7350-465E-A935-AA2D32B7B9DA}.Release|x64.Build.0 = Release|x64
		{A0DB3588-7350-465E-A935-AA2D32B7B9DA}.Release|x86.ActiveCfg = Release|Win32
		{A0DB3588-7350-465E-A935-AA2D32B7B9DA}.Release|x86.Build.0 = Release|Win32
		{93406A15-1260-4CB3-A826-794D4E9DC0D8}.Debug|x64.ActiveCfg = Debug|x64
		{93406A15-1260-4CB3-A826-794D4E9DC0D8}.Debug|x64.Build.0 = Debug|x64
		{93406A15-1260-4CB3-A826-794D4E9DC0D8}.Debug|x86.ActiveCfg = Debug|Win32
		{93406A15-1260-4CB3-A826-794D4E9DC0D8}.Debug|x86.Build.0 = Debug|Win32
		{93406A15-1260-4CB3-A826-794D4E9DC0D8}.Release|x64.ActiveCfg = Release|x64
		{93406A15-1260-4CB3-A826-794D4E9DC0D8}.Release|x64.Build.0 = Release|x64
		{93406A15-1260-4CB3-A826-794D4E9DC0D8}.Release|x86.ActiveCfg = Release|Win32
		{93406A15-1260-4CB3-A826-794D4E9DC0D8}.Release|x86.Build.0 = Release|Win32
	EndGlobalSection
	GlobalSection(SolutionProperties) = preSolution
		HideSolutionNode = FALSE
	EndGlobalSection
	GlobalSection(ExtensibilityGlobals) = postSolution
		SolutionGuid = {0236E027-3837-40CD-B39E-F06F5C65CCBF}
	EndGlobalSection
EndGlobal
