
Microsoft Visual Studio Solution File, Format Version 12.00
# Visual Studio 14
VisualStudioVersion = 14.0.25420.1
MinimumVisualStudioVersion = 10.0.40219.1
Project("{8BC9CEB8-8B4A-11D0-8D11-00A0C91BC942}") = "Practice0", "Practice0\Practice0.vcxproj", "{2BC027CE-5619-4377-BB7E-478C9A7BBCDF}"
EndProject
Project("{8BC9CEB8-8B4A-11D0-8D11-00A0C91BC942}") = "Practice1", "Practice1\Practice1.vcxproj", "{91DF6713-EF7C-41C1-A13D-7C42E9F34E68}"
EndProject
Project("{8BC9CEB8-8B4A-11D0-8D11-00A0C91BC942}") = "Practice2", "Practice2\Practice2.vcxproj", "{DDC14B3E-E48F-411E-9068-27BE733DB395}"
EndProject
Global
	GlobalSection(SolutionConfigurationPlatforms) = preSolution
		Debug|x64 = Debug|x64
		Debug|x86 = Debug|x86
		Release|x64 = Release|x64
		Release|x86 = Release|x86
	EndGlobalSection
	GlobalSection(ProjectConfigurationPlatforms) = postSolution
		{2BC027CE-5619-4377-BB7E-478C9A7BBCDF}.Debug|x64.ActiveCfg = Debug|x64
		{2BC027CE-5619-4377-BB7E-478C9A7BBCDF}.Debug|x64.Build.0 = Debug|x64
		{2BC027CE-5619-4377-BB7E-478C9A7BBCDF}.Debug|x86.ActiveCfg = Debug|Win32
		{2BC027CE-5619-4377-BB7E-478C9A7BBCDF}.Debug|x86.Build.0 = Debug|Win32
		{2BC027CE-5619-4377-BB7E-478C9A7BBCDF}.Release|x64.ActiveCfg = Release|x64
		{2BC027CE-5619-4377-BB7E-478C9A7BBCDF}.Release|x64.Build.0 = Release|x64
		{2BC027CE-5619-4377-BB7E-478C9A7BBCDF}.Release|x86.ActiveCfg = Release|Win32
		{2BC027CE-5619-4377-BB7E-478C9A7BBCDF}.Release|x86.Build.0 = Release|Win32
		{91DF6713-EF7C-41C1-A13D-7C42E9F34E68}.Debug|x64.ActiveCfg = Debug|x64
		{91DF6713-EF7C-41C1-A13D-7C42E9F34E68}.Debug|x64.Build.0 = Debug|x64
		{91DF6713-EF7C-41C1-A13D-7C42E9F34E68}.Debug|x86.ActiveCfg = Debug|Win32
		{91DF6713-EF7C-41C1-A13D-7C42E9F34E68}.Debug|x86.Build.0 = Debug|Win32
		{91DF6713-EF7C-41C1-A13D-7C42E9F34E68}.Release|x64.ActiveCfg = Release|x64
		{91DF6713-EF7C-41C1-A13D-7C42E9F34E68}.Release|x64.Build.0 = Release|x64
		{91DF6713-EF7C-41C1-A13D-7C42E9F34E68}.Release|x86.ActiveCfg = Release|Win32
		{91DF6713-EF7C-41C1-A13D-7C42E9F34E68}.Release|x86.Build.0 = Release|Win32
		{DDC14B3E-E48F-411E-9068-27BE733DB395}.Debug|x64.ActiveCfg = Debug|x64
		{DDC14B3E-E48F-411E-9068-27BE733DB395}.Debug|x64.Build.0 = Debug|x64
		{DDC14B3E-E48F-411E-9068-27BE733DB395}.Debug|x86.ActiveCfg = Debug|Win32
		{DDC14B3E-E48F-411E-9068-27BE733DB395}.Debug|x86.Build.0 = Debug|Win32
		{DDC14B3E-E48F-411E-9068-27BE733DB395}.Release|x64.ActiveCfg = Release|x64
		{DDC14B3E-E48F-411E-9068-27BE733DB395}.Release|x64.Build.0 = Release|x64
		{DDC14B3E-E48F-411E-9068-27BE733DB395}.Release|x86.ActiveCfg = Release|Win32
		{DDC14B3E-E48F-411E-9068-27BE733DB395}.Release|x86.Build.0 = Release|Win32
	EndGlobalSection
	GlobalSection(SolutionProperties) = preSolution
		HideSolutionNode = FALSE
	EndGlobalSection
EndGlobal
