
Microsoft Visual Studio Solution File, Format Version 12.00
# Visual Studio Version 17
VisualStudioVersion = 17.3.32901.215
MinimumVisualStudioVersion = 10.0.40219.1
Project("{8BC9CEB8-8B4A-11D0-8D11-00A0C91BC942}") = "Project5", "Project5\Project5.vcxproj", "{576277C6-A0B3-4A12-A03F-7F108EE4ACFB}"
EndProject
Global
	GlobalSection(SolutionConfigurationPlatforms) = preSolution
		Debug|x64 = Debug|x64
		Debug|x86 = Debug|x86
		Release|x64 = Release|x64
		Release|x86 = Release|x86
	EndGlobalSection
	GlobalSection(ProjectConfigurationPlatforms) = postSolution
		{576277C6-A0B3-4A12-A03F-7F108EE4ACFB}.Debug|x64.ActiveCfg = Debug|x64
		{576277C6-A0B3-4A12-A03F-7F108EE4ACFB}.Debug|x64.Build.0 = Debug|x64
		{576277C6-A0B3-4A12-A03F-7F108EE4ACFB}.Debug|x86.ActiveCfg = Debug|Win32
		{576277C6-A0B3-4A12-A03F-7F108EE4ACFB}.Debug|x86.Build.0 = Debug|Win32
		{576277C6-A0B3-4A12-A03F-7F108EE4ACFB}.Release|x64.ActiveCfg = Release|x64
		{576277C6-A0B3-4A12-A03F-7F108EE4ACFB}.Release|x64.Build.0 = Release|x64
		{576277C6-A0B3-4A12-A03F-7F108EE4ACFB}.Release|x86.ActiveCfg = Release|Win32
		{576277C6-A0B3-4A12-A03F-7F108EE4ACFB}.Release|x86.Build.0 = Release|Win32
	EndGlobalSection
	GlobalSection(SolutionProperties) = preSolution
		HideSolutionNode = FALSE
	EndGlobalSection
	GlobalSection(ExtensibilityGlobals) = postSolution
		SolutionGuid = {C7D1C803-64A7-4591-A196-00A979C8E81B}
	EndGlobalSection
EndGlobal
