
Microsoft Visual Studio Solution File, Format Version 12.00
# Visual Studio Version 17
VisualStudioVersion = 17.14.36429.23 d17.14
MinimumVisualStudioVersion = 10.0.40219.1
Project("{8BC9CEB8-8B4A-11D0-8D11-00A0C91BC942}") = "lap_1_right_numbering", "lap_1_right_numbering\lap_1_right_numbering.vcxproj", "{F559413C-610C-4B3C-B2A2-5CFACF28EB2E}"
EndProject
Global
	GlobalSection(SolutionConfigurationPlatforms) = preSolution
		Debug|x64 = Debug|x64
		Debug|x86 = Debug|x86
		Release|x64 = Release|x64
		Release|x86 = Release|x86
	EndGlobalSection
	GlobalSection(ProjectConfigurationPlatforms) = postSolution
		{F559413C-610C-4B3C-B2A2-5CFACF28EB2E}.Debug|x64.ActiveCfg = Debug|x64
		{F559413C-610C-4B3C-B2A2-5CFACF28EB2E}.Debug|x64.Build.0 = Debug|x64
		{F559413C-610C-4B3C-B2A2-5CFACF28EB2E}.Debug|x86.ActiveCfg = Debug|Win32
		{F559413C-610C-4B3C-B2A2-5CFACF28EB2E}.Debug|x86.Build.0 = Debug|Win32
		{F559413C-610C-4B3C-B2A2-5CFACF28EB2E}.Release|x64.ActiveCfg = Release|x64
		{F559413C-610C-4B3C-B2A2-5CFACF28EB2E}.Release|x64.Build.0 = Release|x64
		{F559413C-610C-4B3C-B2A2-5CFACF28EB2E}.Release|x86.ActiveCfg = Release|Win32
		{F559413C-610C-4B3C-B2A2-5CFACF28EB2E}.Release|x86.Build.0 = Release|Win32
	EndGlobalSection
	GlobalSection(SolutionProperties) = preSolution
		HideSolutionNode = FALSE
	EndGlobalSection
	GlobalSection(ExtensibilityGlobals) = postSolution
		SolutionGuid = {92618423-D282-4E3C-A990-343A01D4F123}
	EndGlobalSection
EndGlobal
