
Microsoft Visual Studio Solution File, Format Version 12.00
# Visual Studio 15
VisualStudioVersion = 15.0.28010.2019
MinimumVisualStudioVersion = 10.0.40219.1
Project("{8BC9CEB8-8B4A-11D0-8D11-00A0C91BC942}") = "Practice0", "Practice0\Practice0.vcxproj", "{32D22DBA-9DFA-4864-B976-B2B4ED880CC7}"
EndProject
Project("{8BC9CEB8-8B4A-11D0-8D11-00A0C91BC942}") = "Practice1", "Practice1\Practice1.vcxproj", "{EFAF5317-9E83-41DF-B70D-8FE3BBFA30E3}"
EndProject
Project("{8BC9CEB8-8B4A-11D0-8D11-00A0C91BC942}") = "Practice2", "Practice2\Practice2.vcxproj", "{C0E82E35-2DC6-4C2F-8B2C-A0670BA1998B}"
EndProject
Project("{8BC9CEB8-8B4A-11D0-8D11-00A0C91BC942}") = "Practice3", "Practice3\Practice3.vcxproj", "{04F1586F-4B29-4FF5-AA33-C5C2733A5706}"
EndProject
Project("{8BC9CEB8-8B4A-11D0-8D11-00A0C91BC942}") = "Practice4", "Practice4\Practice4.vcxproj", "{FDFC53CC-64A5-413F-838C-0310F9F488A4}"
EndProject
Project("{8BC9CEB8-8B4A-11D0-8D11-00A0C91BC942}") = "Project6", "Project6\Project6.vcxproj", "{71264A4C-F58E-47A0-A934-6EC63689D8D5}"
EndProject
Project("{8BC9CEB8-8B4A-11D0-8D11-00A0C91BC942}") = "Project7", "Project7\Project7.vcxproj", "{C082907A-2A45-4DD0-9E7A-DDA4E00FB4BE}"
EndProject
Project("{8BC9CEB8-8B4A-11D0-8D11-00A0C91BC942}") = "Project8", "Project8\Project8.vcxproj", "{CAAD831B-FFE3-4A2E-A1FA-8840A1BA9ECD}"
EndProject
Global
	GlobalSection(SolutionConfigurationPlatforms) = preSolution
		Debug|Win32 = Debug|Win32
		Debug|x64 = Debug|x64
		Debug|x86 = Debug|x86
		Release|Win32 = Release|Win32
		Release|x64 = Release|x64
		Release|x86 = Release|x86
	EndGlobalSection
	GlobalSection(ProjectConfigurationPlatforms) = postSolution
		{32D22DBA-9DFA-4864-B976-B2B4ED880CC7}.Debug|Win32.ActiveCfg = Debug|Win32
		{32D22DBA-9DFA-4864-B976-B2B4ED880CC7}.Debug|Win32.Build.0 = Debug|Win32
		{32D22DBA-9DFA-4864-B976-B2B4ED880CC7}.Debug|x64.ActiveCfg = Debug|x64
		{32D22DBA-9DFA-4864-B976-B2B4ED880CC7}.Debug|x64.Build.0 = Debug|x64
		{32D22DBA-9DFA-4864-B976-B2B4ED880CC7}.Debug|x86.ActiveCfg = Debug|Win32
		{32D22DBA-9DFA-4864-B976-B2B4ED880CC7}.Debug|x86.Build.0 = Debug|Win32
		{32D22DBA-9DFA-4864-B976-B2B4ED880CC7}.Release|Win32.ActiveCfg = Release|Win32
		{32D22DBA-9DFA-4864-B976-B2B4ED880CC7}.Release|Win32.Build.0 = Release|Win32
		{32D22DBA-9DFA-4864-B976-B2B4ED880CC7}.Release|x64.ActiveCfg = Release|x64
		{32D22DBA-9DFA-4864-B976-B2B4ED880CC7}.Release|x64.Build.0 = Release|x64
		{32D22DBA-9DFA-4864-B976-B2B4ED880CC7}.Release|x86.ActiveCfg = Release|Win32
		{32D22DBA-9DFA-4864-B976-B2B4ED880CC7}.Release|x86.Build.0 = Release|Win32
		{EFAF5317-9E83-41DF-B70D-8FE3BBFA30E3}.Debug|Win32.ActiveCfg = Debug|Win32
		{EFAF5317-9E83-41DF-B70D-8FE3BBFA30E3}.Debug|Win32.Build.0 = Debug|Win32
		{EFAF5317-9E83-41DF-B70D-8FE3BBFA30E3}.Debug|x64.ActiveCfg = Debug|x64
		{EFAF5317-9E83-41DF-B70D-8FE3BBFA30E3}.Debug|x64.Build.0 = Debug|x64
		{EFAF5317-9E83-41DF-B70D-8FE3BBFA30E3}.Debug|x86.ActiveCfg = Debug|Win32
		{EFAF5317-9E83-41DF-B70D-8FE3BBFA30E3}.Debug|x86.Build.0 = Debug|Win32
		{EFAF5317-9E83-41DF-B70D-8FE3BBFA30E3}.Release|Win32.ActiveCfg = Release|Win32
		{EFAF5317-9E83-41DF-B70D-8FE3BBFA30E3}.Release|Win32.Build.0 = Release|Win32
		{EFAF5317-9E83-41DF-B70D-8FE3BBFA30E3}.Release|x64.ActiveCfg = Release|x64
		{EFAF5317-9E83-41DF-B70D-8FE3BBFA30E3}.Release|x64.Build.0 = Release|x64
		{EFAF5317-9E83-41DF-B70D-8FE3BBFA30E3}.Release|x86.ActiveCfg = Release|Win32
		{EFAF5317-9E83-41DF-B70D-8FE3BBFA30E3}.Release|x86.Build.0 = Release|Win32
		{C0E82E35-2DC6-4C2F-8B2C-A0670BA1998B}.Debug|Win32.ActiveCfg = Debug|Win32
		{C0E82E35-2DC6-4C2F-8B2C-A0670BA1998B}.Debug|Win32.Build.0 = Debug|Win32
		{C0E82E35-2DC6-4C2F-8B2C-A0670BA1998B}.Debug|x64.ActiveCfg = Debug|x64
		{C0E82E35-2DC6-4C2F-8B2C-A0670BA1998B}.Debug|x64.Build.0 = Debug|x64
		{C0E82E35-2DC6-4C2F-8B2C-A0670BA1998B}.Debug|x86.ActiveCfg = Debug|Win32
		{C0E82E35-2DC6-4C2F-8B2C-A0670BA1998B}.Debug|x86.Build.0 = Debug|Win32
		{C0E82E35-2DC6-4C2F-8B2C-A0670BA1998B}.Release|Win32.ActiveCfg = Release|Win32
		{C0E82E35-2DC6-4C2F-8B2C-A0670BA1998B}.Release|Win32.Build.0 = Release|Win32
		{C0E82E35-2DC6-4C2F-8B2C-A0670BA1998B}.Release|x64.ActiveCfg = Release|x64
		{C0E82E35-2DC6-4C2F-8B2C-A0670BA1998B}.Release|x64.Build.0 = Release|x64
		{C0E82E35-2DC6-4C2F-8B2C-A0670BA1998B}.Release|x86.ActiveCfg = Release|Win32
		{C0E82E35-2DC6-4C2F-8B2C-A0670BA1998B}.Release|x86.Build.0 = Release|Win32
		{04F1586F-4B29-4FF5-AA33-C5C2733A5706}.Debug|Win32.ActiveCfg = Debug|Win32
		{04F1586F-4B29-4FF5-AA33-C5C2733A5706}.Debug|Win32.Build.0 = Debug|Win32
		{04F1586F-4B29-4FF5-AA33-C5C2733A5706}.Debug|x64.ActiveCfg = Debug|x64
		{04F1586F-4B29-4FF5-AA33-C5C2733A5706}.Debug|x64.Build.0 = Debug|x64
		{04F1586F-4B29-4FF5-AA33-C5C2733A5706}.Debug|x86.ActiveCfg = Debug|Win32
		{04F1586F-4B29-4FF5-AA33-C5C2733A5706}.Debug|x86.Build.0 = Debug|Win32
		{04F1586F-4B29-4FF5-AA33-C5C2733A5706}.Release|Win32.ActiveCfg = Release|Win32
		{04F1586F-4B29-4FF5-AA33-C5C2733A5706}.Release|Win32.Build.0 = Release|Win32
		{04F1586F-4B29-4FF5-AA33-C5C2733A5706}.Release|x64.ActiveCfg = Release|x64
		{04F1586F-4B29-4FF5-AA33-C5C2733A5706}.Release|x64.Build.0 = Release|x64
		{04F1586F-4B29-4FF5-AA33-C5C2733A5706}.Release|x86.ActiveCfg = Release|Win32
		{04F1586F-4B29-4FF5-AA33-C5C2733A5706}.Release|x86.Build.0 = Release|Win32
		{FDFC53CC-64A5-413F-838C-0310F9F488A4}.Debug|Win32.ActiveCfg = Debug|Win32
		{FDFC53CC-64A5-413F-838C-0310F9F488A4}.Debug|Win32.Build.0 = Debug|Win32
		{FDFC53CC-64A5-413F-838C-0310F9F488A4}.Debug|x64.ActiveCfg = Debug|x64
		{FDFC53CC-64A5-413F-838C-0310F9F488A4}.Debug|x64.Build.0 = Debug|x64
		{FDFC53CC-64A5-413F-838C-0310F9F488A4}.Debug|x86.ActiveCfg = Debug|Win32
		{FDFC53CC-64A5-413F-838C-0310F9F488A4}.Debug|x86.Build.0 = Debug|Win32
		{FDFC53CC-64A5-413F-838C-0310F9F488A4}.Release|Win32.ActiveCfg = Release|Win32
		{FDFC53CC-64A5-413F-838C-0310F9F488A4}.Release|Win32.Build.0 = Release|Win32
		{FDFC53CC-64A5-413F-838C-0310F9F488A4}.Release|x64.ActiveCfg = Release|x64
		{FDFC53CC-64A5-413F-838C-0310F9F488A4}.Release|x64.Build.0 = Release|x64
		{FDFC53CC-64A5-413F-838C-0310F9F488A4}.Release|x86.ActiveCfg = Release|Win32
		{FDFC53CC-64A5-413F-838C-0310F9F488A4}.Release|x86.Build.0 = Release|Win32
		{71264A4C-F58E-47A0-A934-6EC63689D8D5}.Debug|Win32.ActiveCfg = Debug|Win32
		{71264A4C-F58E-47A0-A934-6EC63689D8D5}.Debug|Win32.Build.0 = Debug|Win32
		{71264A4C-F58E-47A0-A934-6EC63689D8D5}.Debug|x64.ActiveCfg = Debug|x64
		{71264A4C-F58E-47A0-A934-6EC63689D8D5}.Debug|x64.Build.0 = Debug|x64
		{71264A4C-F58E-47A0-A934-6EC63689D8D5}.Debug|x86.ActiveCfg = Debug|Win32
		{71264A4C-F58E-47A0-A934-6EC63689D8D5}.Debug|x86.Build.0 = Debug|Win32
		{71264A4C-F58E-47A0-A934-6EC63689D8D5}.Release|Win32.ActiveCfg = Release|Win32
		{71264A4C-F58E-47A0-A934-6EC63689D8D5}.Release|Win32.Build.0 = Release|Win32
		{71264A4C-F58E-47A0-A934-6EC63689D8D5}.Release|x64.ActiveCfg = Release|x64
		{71264A4C-F58E-47A0-A934-6EC63689D8D5}.Release|x64.Build.0 = Release|x64
		{71264A4C-F58E-47A0-A934-6EC63689D8D5}.Release|x86.ActiveCfg = Release|Win32
		{71264A4C-F58E-47A0-A934-6EC63689D8D5}.Release|x86.Build.0 = Release|Win32
		{C082907A-2A45-4DD0-9E7A-DDA4E00FB4BE}.Debug|Win32.ActiveCfg = Debug|Win32
		{C082907A-2A45-4DD0-9E7A-DDA4E00FB4BE}.Debug|Win32.Build.0 = Debug|Win32
		{C082907A-2A45-4DD0-9E7A-DDA4E00FB4BE}.Debug|x64.ActiveCfg = Debug|x64
		{C082907A-2A45-4DD0-9E7A-DDA4E00FB4BE}.Debug|x64.Build.0 = Debug|x64
		{C082907A-2A45-4DD0-9E7A-DDA4E00FB4BE}.Debug|x86.ActiveCfg = Debug|Win32
		{C082907A-2A45-4DD0-9E7A-DDA4E00FB4BE}.Debug|x86.Build.0 = Debug|Win32
		{C082907A-2A45-4DD0-9E7A-DDA4E00FB4BE}.Release|Win32.ActiveCfg = Release|Win32
		{C082907A-2A45-4DD0-9E7A-DDA4E00FB4BE}.Release|Win32.Build.0 = Release|Win32
		{C082907A-2A45-4DD0-9E7A-DDA4E00FB4BE}.Release|x64.ActiveCfg = Release|x64
		{C082907A-2A45-4DD0-9E7A-DDA4E00FB4BE}.Release|x64.Build.0 = Release|x64
		{C082907A-2A45-4DD0-9E7A-DDA4E00FB4BE}.Release|x86.ActiveCfg = Release|Win32
		{C082907A-2A45-4DD0-9E7A-DDA4E00FB4BE}.Release|x86.Build.0 = Release|Win32
		{CAAD831B-FFE3-4A2E-A1FA-8840A1BA9ECD}.Debug|Win32.ActiveCfg = Debug|Win32
		{CAAD831B-FFE3-4A2E-A1FA-8840A1BA9ECD}.Debug|Win32.Build.0 = Debug|Win32
		{CAAD831B-FFE3-4A2E-A1FA-8840A1BA9ECD}.Debug|x64.ActiveCfg = Debug|x64
		{CAAD831B-FFE3-4A2E-A1FA-8840A1BA9ECD}.Debug|x64.Build.0 = Debug|x64
		{CAAD831B-FFE3-4A2E-A1FA-8840A1BA9ECD}.Debug|x86.ActiveCfg = Debug|Win32
		{CAAD831B-FFE3-4A2E-A1FA-8840A1BA9ECD}.Debug|x86.Build.0 = Debug|Win32
		{CAAD831B-FFE3-4A2E-A1FA-8840A1BA9ECD}.Release|Win32.ActiveCfg = Release|Win32
		{CAAD831B-FFE3-4A2E-A1FA-8840A1BA9ECD}.Release|Win32.Build.0 = Release|Win32
		{CAAD831B-FFE3-4A2E-A1FA-8840A1BA9ECD}.Release|x64.ActiveCfg = Release|x64
		{CAAD831B-FFE3-4A2E-A1FA-8840A1BA9ECD}.Release|x64.Build.0 = Release|x64
		{CAAD831B-FFE3-4A2E-A1FA-8840A1BA9ECD}.Release|x86.ActiveCfg = Release|Win32
		{CAAD831B-FFE3-4A2E-A1FA-8840A1BA9ECD}.Release|x86.Build.0 = Release|Win32
	EndGlobalSection
	GlobalSection(SolutionProperties) = preSolution
		HideSolutionNode = FALSE
	EndGlobalSection
	GlobalSection(ExtensibilityGlobals) = postSolution
		SolutionGuid = {6C2CDE0F-FA90-4960-B202-54AA78FCB686}
	EndGlobalSection
EndGlobal
