
Microsoft Visual Studio Solution File, Format Version 12.00
# Visual Studio Version 16
VisualStudioVersion = 16.0.32901.82
MinimumVisualStudioVersion = 10.0.40219.1
Project("{8BC9CEB8-8B4A-11D0-8D11-00A0C91BC942}") = "Practice0", "Practice0\Practice0.vcxproj", "{F8DAF8B9-2BFA-4A56-A275-238E4BA7DAE0}"
EndProject
Global
	GlobalSection(SolutionConfigurationPlatforms) = preSolution
		Debug|x64 = Debug|x64
		Debug|x86 = Debug|x86
		Release|x64 = Release|x64
		Release|x86 = Release|x86
	EndGlobalSection
	GlobalSection(ProjectConfigurationPlatforms) = postSolution
		{F8DAF8B9-2BFA-4A56-A275-238E4BA7DAE0}.Debug|x64.ActiveCfg = Debug|x64
		{F8DAF8B9-2BFA-4A56-A275-238E4BA7DAE0}.Debug|x64.Build.0 = Debug|x64
		{F8DAF8B9-2BFA-4A56-A275-238E4BA7DAE0}.Debug|x86.ActiveCfg = Debug|Win32
		{F8DAF8B9-2BFA-4A56-A275-238E4BA7DAE0}.Debug|x86.Build.0 = Debug|Win32
		{F8DAF8B9-2BFA-4A56-A275-238E4BA7DAE0}.Release|x64.ActiveCfg = Release|x64
		{F8DAF8B9-2BFA-4A56-A275-238E4BA7DAE0}.Release|x64.Build.0 = Release|x64
		{F8DAF8B9-2BFA-4A56-A275-238E4BA7DAE0}.Release|x86.ActiveCfg = Release|Win32
		{F8DAF8B9-2BFA-4A56-A275-238E4BA7DAE0}.Release|x86.Build.0 = Release|Win32
	EndGlobalSection
	GlobalSection(SolutionProperties) = preSolution
		HideSolutionNode = FALSE
	EndGlobalSection
	GlobalSection(ExtensibilityGlobals) = postSolution
		SolutionGuid = {9A8A8E35-9A4C-4434-ABC9-718B7E3E6B95}
	EndGlobalSection
EndGlobal
