
Microsoft Visual Studio Solution File, Format Version 12.00
# Visual Studio Version 17
VisualStudioVersion = 17.14.36429.23 d17.14
MinimumVisualStudioVersion = 10.0.40219.1
Project("{8BC9CEB8-8B4A-11D0-8D11-00A0C91BC942}") = "Lab4code", "Lab4code.vcxproj", "{CE3D494F-D0AC-4E84-8431-B1E8C2B61EE1}"
EndProject
Global
	GlobalSection(SolutionConfigurationPlatforms) = preSolution
		Debug|x64 = Debug|x64
		Debug|x86 = Debug|x86
		Release|x64 = Release|x64
		Release|x86 = Release|x86
	EndGlobalSection
	GlobalSection(ProjectConfigurationPlatforms) = postSolution
		{CE3D494F-D0AC-4E84-8431-B1E8C2B61EE1}.Debug|x64.ActiveCfg = Debug|x64
		{CE3D494F-D0AC-4E84-8431-B1E8C2B61EE1}.Debug|x64.Build.0 = Debug|x64
		{CE3D494F-D0AC-4E84-8431-B1E8C2B61EE1}.Debug|x86.ActiveCfg = Debug|Win32
		{CE3D494F-D0AC-4E84-8431-B1E8C2B61EE1}.Debug|x86.Build.0 = Debug|Win32
		{CE3D494F-D0AC-4E84-8431-B1E8C2B61EE1}.Release|x64.ActiveCfg = Release|x64
		{CE3D494F-D0AC-4E84-8431-B1E8C2B61EE1}.Release|x64.Build.0 = Release|x64
		{CE3D494F-D0AC-4E84-8431-B1E8C2B61EE1}.Release|x86.ActiveCfg = Release|Win32
		{CE3D494F-D0AC-4E84-8431-B1E8C2B61EE1}.Release|x86.Build.0 = Release|Win32
	EndGlobalSection
	GlobalSection(SolutionProperties) = preSolution
		HideSolutionNode = FALSE
	EndGlobalSection
	GlobalSection(ExtensibilityGlobals) = postSolution
		SolutionGuid = {EC77C331-C152-44E8-85DF-D4C076F3F15B}
	EndGlobalSection
EndGlobal
