
Microsoft Visual Studio Solution File, Format Version 12.00
# Visual Studio Version 17
<<<<<<< HEAD
VisualStudioVersion = 17.5.33424.131
=======
VisualStudioVersion = 17.3.32819.101
>>>>>>> a848c5f5844147b41727f04ad07b86707e541eec
MinimumVisualStudioVersion = 10.0.40219.1
Project("{8BC9CEB8-8B4A-11D0-8D11-00A0C91BC942}") = "Practice2_1c.2try", "Practice2_1c.2try.vcxproj", "{65972763-08DF-4EFE-B11A-C0A547E5B324}"
EndProject
Global
	GlobalSection(SolutionConfigurationPlatforms) = preSolution
		Debug|x64 = Debug|x64
		Debug|x86 = Debug|x86
		Release|x64 = Release|x64
		Release|x86 = Release|x86
	EndGlobalSection
	GlobalSection(ProjectConfigurationPlatforms) = postSolution
		{65972763-08DF-4EFE-B11A-C0A547E5B324}.Debug|x64.ActiveCfg = Debug|x64
		{65972763-08DF-4EFE-B11A-C0A547E5B324}.Debug|x64.Build.0 = Debug|x64
		{65972763-08DF-4EFE-B11A-C0A547E5B324}.Debug|x86.ActiveCfg = Debug|Win32
		{65972763-08DF-4EFE-B11A-C0A547E5B324}.Debug|x86.Build.0 = Debug|Win32
		{65972763-08DF-4EFE-B11A-C0A547E5B324}.Release|x64.ActiveCfg = Release|x64
		{65972763-08DF-4EFE-B11A-C0A547E5B324}.Release|x64.Build.0 = Release|x64
		{65972763-08DF-4EFE-B11A-C0A547E5B324}.Release|x86.ActiveCfg = Release|Win32
		{65972763-08DF-4EFE-B11A-C0A547E5B324}.Release|x86.Build.0 = Release|Win32
	EndGlobalSection
	GlobalSection(SolutionProperties) = preSolution
		HideSolutionNode = FALSE
	EndGlobalSection
	GlobalSection(ExtensibilityGlobals) = postSolution
<<<<<<< HEAD
		SolutionGuid = {E36221D7-F120-4AE0-92B5-EA8F59708AC9}
=======
		SolutionGuid = {94287C59-E9B5-4D8B-92EA-6D985A53C675}
>>>>>>> a848c5f5844147b41727f04ad07b86707e541eec
	EndGlobalSection
EndGlobal
