
Microsoft Visual Studio Solution File, Format Version 12.00
# Visual Studio Version 17
VisualStudioVersion = 17.10.34928.147
MinimumVisualStudioVersion = 10.0.40219.1
Project("{8BC9CEB8-8B4A-11D0-8D11-00A0C91BC942}") = "Task_struct_cpp", "Task_struct_cpp\Task_struct_cpp.vcxproj", "{657A5730-EDEE-465B-BDC7-1EE763513290}"
EndProject
Global
	GlobalSection(SolutionConfigurationPlatforms) = preSolution
		Debug|x64 = Debug|x64
		Debug|x86 = Debug|x86
		Release|x64 = Release|x64
		Release|x86 = Release|x86
	EndGlobalSection
	GlobalSection(ProjectConfigurationPlatforms) = postSolution
		{657A5730-EDEE-465B-BDC7-1EE763513290}.Debug|x64.ActiveCfg = Debug|x64
		{657A5730-EDEE-465B-BDC7-1EE763513290}.Debug|x64.Build.0 = Debug|x64
		{657A5730-EDEE-465B-BDC7-1EE763513290}.Debug|x86.ActiveCfg = Debug|Win32
		{657A5730-EDEE-465B-BDC7-1EE763513290}.Debug|x86.Build.0 = Debug|Win32
		{657A5730-EDEE-465B-BDC7-1EE763513290}.Release|x64.ActiveCfg = Release|x64
		{657A5730-EDEE-465B-BDC7-1EE763513290}.Release|x64.Build.0 = Release|x64
		{657A5730-EDEE-465B-BDC7-1EE763513290}.Release|x86.ActiveCfg = Release|Win32
		{657A5730-EDEE-465B-BDC7-1EE763513290}.Release|x86.Build.0 = Release|Win32
	EndGlobalSection
	GlobalSection(SolutionProperties) = preSolution
		HideSolutionNode = FALSE
	EndGlobalSection
	GlobalSection(ExtensibilityGlobals) = postSolution
		SolutionGuid = {6E200193-B411-4FE9-8F3C-F11432059749}
	EndGlobalSection
EndGlobal
