
Microsoft Visual Studio Solution File, Format Version 11.00
# Visual Studio 2010
Project("{8BC9CEB8-8B4A-11D0-8D11-00A0C91BC942}") = "Practice0", "Practice0\Practice0.vcxproj", "{77C540CD-303B-45C7-A991-6632B739FF67}"
EndProject
Project("{8BC9CEB8-8B4A-11D0-8D11-00A0C91BC942}") = "Practice1", "Practice1\Practice1.vcxproj", "{EC1E3A70-E3BE-46A5-AD66-968146FEB37E}"
EndProject
Global
	GlobalSection(SolutionConfigurationPlatforms) = preSolution
		Debug|Win32 = Debug|Win32
		Release|Win32 = Release|Win32
	EndGlobalSection
	GlobalSection(ProjectConfigurationPlatforms) = postSolution
		{77C540CD-303B-45C7-A991-6632B739FF67}.Debug|Win32.ActiveCfg = Debug|Win32
		{77C540CD-303B-45C7-A991-6632B739FF67}.Debug|Win32.Build.0 = Debug|Win32
		{77C540CD-303B-45C7-A991-6632B739FF67}.Release|Win32.ActiveCfg = Release|Win32
		{77C540CD-303B-45C7-A991-6632B739FF67}.Release|Win32.Build.0 = Release|Win32
		{EC1E3A70-E3BE-46A5-AD66-968146FEB37E}.Debug|Win32.ActiveCfg = Debug|Win32
		{EC1E3A70-E3BE-46A5-AD66-968146FEB37E}.Debug|Win32.Build.0 = Debug|Win32
		{EC1E3A70-E3BE-46A5-AD66-968146FEB37E}.Release|Win32.ActiveCfg = Release|Win32
		{EC1E3A70-E3BE-46A5-AD66-968146FEB37E}.Release|Win32.Build.0 = Release|Win32
	EndGlobalSection
	GlobalSection(SolutionProperties) = preSolution
		HideSolutionNode = FALSE
	EndGlobalSection
EndGlobal
