
Microsoft Visual Studio Solution File, Format Version 12.00
# Visual Studio 15
VisualStudioVersion = 15.0.28307.572
MinimumVisualStudioVersion = 10.0.40219.1
Project("{8BC9CEB8-8B4A-11D0-8D11-00A0C91BC942}") = "Practice0", "Practice0\Practice0.vcxproj", "{F9C2D5C7-2BF8-4BBD-B061-074D3928CC29}"
EndProject
Project("{8BC9CEB8-8B4A-11D0-8D11-00A0C91BC942}") = "Practice1", "Practice1\Practice1.vcxproj", "{7D148B1F-F3E3-4223-8004-A34E2F6D9C6C}"
EndProject
Project("{8BC9CEB8-8B4A-11D0-8D11-00A0C91BC942}") = "Practice2", "Practice2\Practice2.vcxproj", "{D9721ED3-5458-41E4-962A-486180D546B0}"
EndProject
Project("{8BC9CEB8-8B4A-11D0-8D11-00A0C91BC942}") = "Practice3", "Practice3\Practice3.vcxproj", "{4FE02033-9845-45B8-974A-C3B023CF79A6}"
EndProject
Project("{8BC9CEB8-8B4A-11D0-8D11-00A0C91BC942}") = "Practice4", "Practice4\Practice4.vcxproj", "{916BFD77-5AF2-4A97-B124-83BB6692866C}"
EndProject
Project("{8BC9CEB8-8B4A-11D0-8D11-00A0C91BC942}") = "Practice5", "Practice5\Practice5.vcxproj", "{E772A238-CFF7-4325-9FA5-D782A6F8AFE6}"
EndProject
Global
	GlobalSection(SolutionConfigurationPlatforms) = preSolution
		Debug|x64 = Debug|x64
		Debug|x86 = Debug|x86
		Release|x64 = Release|x64
		Release|x86 = Release|x86
	EndGlobalSection
	GlobalSection(ProjectConfigurationPlatforms) = postSolution
		{F9C2D5C7-2BF8-4BBD-B061-074D3928CC29}.Debug|x64.ActiveCfg = Debug|Win32
		{F9C2D5C7-2BF8-4BBD-B061-074D3928CC29}.Debug|x86.ActiveCfg = Debug|Win32
		{F9C2D5C7-2BF8-4BBD-B061-074D3928CC29}.Debug|x86.Build.0 = Debug|Win32
		{F9C2D5C7-2BF8-4BBD-B061-074D3928CC29}.Release|x64.ActiveCfg = Release|Win32
		{F9C2D5C7-2BF8-4BBD-B061-074D3928CC29}.Release|x86.ActiveCfg = Release|Win32
		{F9C2D5C7-2BF8-4BBD-B061-074D3928CC29}.Release|x86.Build.0 = Release|Win32
		{7D148B1F-F3E3-4223-8004-A34E2F6D9C6C}.Debug|x64.ActiveCfg = Debug|Win32
		{7D148B1F-F3E3-4223-8004-A34E2F6D9C6C}.Debug|x86.ActiveCfg = Debug|Win32
		{7D148B1F-F3E3-4223-8004-A34E2F6D9C6C}.Debug|x86.Build.0 = Debug|Win32
		{7D148B1F-F3E3-4223-8004-A34E2F6D9C6C}.Release|x64.ActiveCfg = Release|Win32
		{7D148B1F-F3E3-4223-8004-A34E2F6D9C6C}.Release|x86.ActiveCfg = Release|Win32
		{7D148B1F-F3E3-4223-8004-A34E2F6D9C6C}.Release|x86.Build.0 = Release|Win32
		{D9721ED3-5458-41E4-962A-486180D546B0}.Debug|x64.ActiveCfg = Debug|x64
		{D9721ED3-5458-41E4-962A-486180D546B0}.Debug|x64.Build.0 = Debug|x64
		{D9721ED3-5458-41E4-962A-486180D546B0}.Debug|x86.ActiveCfg = Debug|Win32
		{D9721ED3-5458-41E4-962A-486180D546B0}.Debug|x86.Build.0 = Debug|Win32
		{D9721ED3-5458-41E4-962A-486180D546B0}.Release|x64.ActiveCfg = Release|x64
		{D9721ED3-5458-41E4-962A-486180D546B0}.Release|x64.Build.0 = Release|x64
		{D9721ED3-5458-41E4-962A-486180D546B0}.Release|x86.ActiveCfg = Release|Win32
		{D9721ED3-5458-41E4-962A-486180D546B0}.Release|x86.Build.0 = Release|Win32
		{4FE02033-9845-45B8-974A-C3B023CF79A6}.Debug|x64.ActiveCfg = Debug|x64
		{4FE02033-9845-45B8-974A-C3B023CF79A6}.Debug|x64.Build.0 = Debug|x64
		{4FE02033-9845-45B8-974A-C3B023CF79A6}.Debug|x86.ActiveCfg = Debug|Win32
		{4FE02033-9845-45B8-974A-C3B023CF79A6}.Debug|x86.Build.0 = Debug|Win32
		{4FE02033-9845-45B8-974A-C3B023CF79A6}.Release|x64.ActiveCfg = Release|x64
		{4FE02033-9845-45B8-974A-C3B023CF79A6}.Release|x64.Build.0 = Release|x64
		{4FE02033-9845-45B8-974A-C3B023CF79A6}.Release|x86.ActiveCfg = Release|Win32
		{4FE02033-9845-45B8-974A-C3B023CF79A6}.Release|x86.Build.0 = Release|Win32
		{916BFD77-5AF2-4A97-B124-83BB6692866C}.Debug|x64.ActiveCfg = Debug|x64
		{916BFD77-5AF2-4A97-B124-83BB6692866C}.Debug|x64.Build.0 = Debug|x64
		{916BFD77-5AF2-4A97-B124-83BB6692866C}.Debug|x86.ActiveCfg = Debug|Win32
		{916BFD77-5AF2-4A97-B124-83BB6692866C}.Debug|x86.Build.0 = Debug|Win32
		{916BFD77-5AF2-4A97-B124-83BB6692866C}.Release|x64.ActiveCfg = Release|x64
		{916BFD77-5AF2-4A97-B124-83BB6692866C}.Release|x64.Build.0 = Release|x64
		{916BFD77-5AF2-4A97-B124-83BB6692866C}.Release|x86.ActiveCfg = Release|Win32
		{916BFD77-5AF2-4A97-B124-83BB6692866C}.Release|x86.Build.0 = Release|Win32
		{E772A238-CFF7-4325-9FA5-D782A6F8AFE6}.Debug|x64.ActiveCfg = Debug|x64
		{E772A238-CFF7-4325-9FA5-D782A6F8AFE6}.Debug|x64.Build.0 = Debug|x64
		{E772A238-CFF7-4325-9FA5-D782A6F8AFE6}.Debug|x86.ActiveCfg = Debug|Win32
		{E772A238-CFF7-4325-9FA5-D782A6F8AFE6}.Debug|x86.Build.0 = Debug|Win32
		{E772A238-CFF7-4325-9FA5-D782A6F8AFE6}.Release|x64.ActiveCfg = Release|x64
		{E772A238-CFF7-4325-9FA5-D782A6F8AFE6}.Release|x64.Build.0 = Release|x64
		{E772A238-CFF7-4325-9FA5-D782A6F8AFE6}.Release|x86.ActiveCfg = Release|Win32
		{E772A238-CFF7-4325-9FA5-D782A6F8AFE6}.Release|x86.Build.0 = Release|Win32
	EndGlobalSection
	GlobalSection(SolutionProperties) = preSolution
		HideSolutionNode = FALSE
	EndGlobalSection
	GlobalSection(ExtensibilityGlobals) = postSolution
		SolutionGuid = {8BC97B37-C332-4F6C-9EB7-779DFFEDE2C3}
	EndGlobalSection
EndGlobal
