
Microsoft Visual Studio Solution File, Format Version 12.00
# Visual Studio Version 17
VisualStudioVersion = 17.7.34018.315
MinimumVisualStudioVersion = 10.0.40219.1
Project("{8BC9CEB8-8B4A-11D0-8D11-00A0C91BC942}") = "Practice5", "Practice5\Practice5.vcxproj", "{07D39521-F18B-48E7-9BDA-F9E33C678B4C}"
EndProject
Global
	GlobalSection(SolutionConfigurationPlatforms) = preSolution
		Debug|x64 = Debug|x64
		Debug|x86 = Debug|x86
		Release|x64 = Release|x64
		Release|x86 = Release|x86
	EndGlobalSection
	GlobalSection(ProjectConfigurationPlatforms) = postSolution
		{07D39521-F18B-48E7-9BDA-F9E33C678B4C}.Debug|x64.ActiveCfg = Debug|x64
		{07D39521-F18B-48E7-9BDA-F9E33C678B4C}.Debug|x64.Build.0 = Debug|x64
		{07D39521-F18B-48E7-9BDA-F9E33C678B4C}.Debug|x86.ActiveCfg = Debug|Win32
		{07D39521-F18B-48E7-9BDA-F9E33C678B4C}.Debug|x86.Build.0 = Debug|Win32
		{07D39521-F18B-48E7-9BDA-F9E33C678B4C}.Release|x64.ActiveCfg = Release|x64
		{07D39521-F18B-48E7-9BDA-F9E33C678B4C}.Release|x64.Build.0 = Release|x64
		{07D39521-F18B-48E7-9BDA-F9E33C678B4C}.Release|x86.ActiveCfg = Release|Win32
		{07D39521-F18B-48E7-9BDA-F9E33C678B4C}.Release|x86.Build.0 = Release|Win32
	EndGlobalSection
	GlobalSection(SolutionProperties) = preSolution
		HideSolutionNode = FALSE
	EndGlobalSection
	GlobalSection(ExtensibilityGlobals) = postSolution
		SolutionGuid = {8B1313F0-50B1-41A9-925E-EA8444F6A44D}
	EndGlobalSection
EndGlobal
