
Microsoft Visual Studio Solution File, Format Version 12.00
# Visual Studio Version 17
VisualStudioVersion = 17.8.34525.116
MinimumVisualStudioVersion = 10.0.40219.1
Project("{8BC9CEB8-8B4A-11D0-8D11-00A0C91BC942}") = "lab0", "lab0.vcxproj", "{14FFEC29-0C1F-477A-99A5-970135845ADD}"
EndProject
Global
	GlobalSection(SolutionConfigurationPlatforms) = preSolution
		Debug|x64 = Debug|x64
		Debug|x86 = Debug|x86
		Release|x64 = Release|x64
		Release|x86 = Release|x86
	EndGlobalSection
	GlobalSection(ProjectConfigurationPlatforms) = postSolution
		{14FFEC29-0C1F-477A-99A5-970135845ADD}.Debug|x64.ActiveCfg = Debug|x64
		{14FFEC29-0C1F-477A-99A5-970135845ADD}.Debug|x64.Build.0 = Debug|x64
		{14FFEC29-0C1F-477A-99A5-970135845ADD}.Debug|x86.ActiveCfg = Debug|Win32
		{14FFEC29-0C1F-477A-99A5-970135845ADD}.Debug|x86.Build.0 = Debug|Win32
		{14FFEC29-0C1F-477A-99A5-970135845ADD}.Release|x64.ActiveCfg = Release|x64
		{14FFEC29-0C1F-477A-99A5-970135845ADD}.Release|x64.Build.0 = Release|x64
		{14FFEC29-0C1F-477A-99A5-970135845ADD}.Release|x86.ActiveCfg = Release|Win32
		{14FFEC29-0C1F-477A-99A5-970135845ADD}.Release|x86.Build.0 = Release|Win32
	EndGlobalSection
	GlobalSection(SolutionProperties) = preSolution
		HideSolutionNode = FALSE
	EndGlobalSection
	GlobalSection(ExtensibilityGlobals) = postSolution
		SolutionGuid = {C5B74D5A-EDF1-4DEC-9B2D-E4B21B737AA8}
	EndGlobalSection
EndGlobal
