
Microsoft Visual Studio Solution File, Format Version 12.00
# Visual Studio Version 16
VisualStudioVersion = 16.0.29509.3
MinimumVisualStudioVersion = 10.0.40219.1
Project("{8BC9CEB8-8B4A-11D0-8D11-00A0C91BC942}") = "Task4", "Task4\Task4.vcxproj", "{46BA7DC4-F79A-4756-AFCA-68CF6CC964E6}"
EndProject
Global
	GlobalSection(SolutionConfigurationPlatforms) = preSolution
		Debug|x64 = Debug|x64
		Debug|x86 = Debug|x86
		Release|x64 = Release|x64
		Release|x86 = Release|x86
	EndGlobalSection
	GlobalSection(ProjectConfigurationPlatforms) = postSolution
		{46BA7DC4-F79A-4756-AFCA-68CF6CC964E6}.Debug|x64.ActiveCfg = Debug|x64
		{46BA7DC4-F79A-4756-AFCA-68CF6CC964E6}.Debug|x64.Build.0 = Debug|x64
		{46BA7DC4-F79A-4756-AFCA-68CF6CC964E6}.Debug|x86.ActiveCfg = Debug|Win32
		{46BA7DC4-F79A-4756-AFCA-68CF6CC964E6}.Debug|x86.Build.0 = Debug|Win32
		{46BA7DC4-F79A-4756-AFCA-68CF6CC964E6}.Release|x64.ActiveCfg = Release|x64
		{46BA7DC4-F79A-4756-AFCA-68CF6CC964E6}.Release|x64.Build.0 = Release|x64
		{46BA7DC4-F79A-4756-AFCA-68CF6CC964E6}.Release|x86.ActiveCfg = Release|Win32
		{46BA7DC4-F79A-4756-AFCA-68CF6CC964E6}.Release|x86.Build.0 = Release|Win32
	EndGlobalSection
	GlobalSection(SolutionProperties) = preSolution
		HideSolutionNode = FALSE
	EndGlobalSection
	GlobalSection(ExtensibilityGlobals) = postSolution
		SolutionGuid = {D617DF8E-8088-4CEE-A1DB-1595202E57BF}
	EndGlobalSection
EndGlobal
