
Microsoft Visual Studio Solution File, Format Version 12.00
# Visual Studio Version 17
VisualStudioVersion = 17.14.36414.22 d17.14
MinimumVisualStudioVersion = 10.0.40219.1
Project("{8BC9CEB8-8B4A-11D0-8D11-00A0C91BC942}") = "test0", "test0\test0.vcxproj", "{E04132AB-6115-4B05-89B4-EC3227B5B9B1}"
EndProject
Global
	GlobalSection(SolutionConfigurationPlatforms) = preSolution
		Debug|x64 = Debug|x64
		Debug|x86 = Debug|x86
		Release|x64 = Release|x64
		Release|x86 = Release|x86
	EndGlobalSection
	GlobalSection(ProjectConfigurationPlatforms) = postSolution
		{E04132AB-6115-4B05-89B4-EC3227B5B9B1}.Debug|x64.ActiveCfg = Debug|x64
		{E04132AB-6115-4B05-89B4-EC3227B5B9B1}.Debug|x64.Build.0 = Debug|x64
		{E04132AB-6115-4B05-89B4-EC3227B5B9B1}.Debug|x86.ActiveCfg = Debug|Win32
		{E04132AB-6115-4B05-89B4-EC3227B5B9B1}.Debug|x86.Build.0 = Debug|Win32
		{E04132AB-6115-4B05-89B4-EC3227B5B9B1}.Release|x64.ActiveCfg = Release|x64
		{E04132AB-6115-4B05-89B4-EC3227B5B9B1}.Release|x64.Build.0 = Release|x64
		{E04132AB-6115-4B05-89B4-EC3227B5B9B1}.Release|x86.ActiveCfg = Release|Win32
		{E04132AB-6115-4B05-89B4-EC3227B5B9B1}.Release|x86.Build.0 = Release|Win32
	EndGlobalSection
	GlobalSection(SolutionProperties) = preSolution
		HideSolutionNode = FALSE
	EndGlobalSection
	GlobalSection(ExtensibilityGlobals) = postSolution
		SolutionGuid = {82BC2AAF-2E51-4BFA-9B76-5EA12C1F354F}
	EndGlobalSection
EndGlobal
