
Microsoft Visual Studio Solution File, Format Version 12.00
# Visual Studio Version 17
VisualStudioVersion = 17.14.36518.9 d17.14
MinimumVisualStudioVersion = 10.0.40219.1
Project("{8BC9CEB8-8B4A-11D0-8D11-00A0C91BC942}") = "Task7.1", "Task7.1.vcxproj", "{DA3B2CAE-C2C2-4A4B-9679-9E7D69C3D991}"
EndProject
Global
	GlobalSection(SolutionConfigurationPlatforms) = preSolution
		Debug|x64 = Debug|x64
		Debug|x86 = Debug|x86
		Release|x64 = Release|x64
		Release|x86 = Release|x86
	EndGlobalSection
	GlobalSection(ProjectConfigurationPlatforms) = postSolution
		{DA3B2CAE-C2C2-4A4B-9679-9E7D69C3D991}.Debug|x64.ActiveCfg = Debug|x64
		{DA3B2CAE-C2C2-4A4B-9679-9E7D69C3D991}.Debug|x64.Build.0 = Debug|x64
		{DA3B2CAE-C2C2-4A4B-9679-9E7D69C3D991}.Debug|x86.ActiveCfg = Debug|Win32
		{DA3B2CAE-C2C2-4A4B-9679-9E7D69C3D991}.Debug|x86.Build.0 = Debug|Win32
		{DA3B2CAE-C2C2-4A4B-9679-9E7D69C3D991}.Release|x64.ActiveCfg = Release|x64
		{DA3B2CAE-C2C2-4A4B-9679-9E7D69C3D991}.Release|x64.Build.0 = Release|x64
		{DA3B2CAE-C2C2-4A4B-9679-9E7D69C3D991}.Release|x86.ActiveCfg = Release|Win32
		{DA3B2CAE-C2C2-4A4B-9679-9E7D69C3D991}.Release|x86.Build.0 = Release|Win32
	EndGlobalSection
	GlobalSection(SolutionProperties) = preSolution
		HideSolutionNode = FALSE
	EndGlobalSection
	GlobalSection(ExtensibilityGlobals) = postSolution
		SolutionGuid = {A863E155-6DEB-447B-BD6B-24825BBF0EEE}
	EndGlobalSection
EndGlobal
