
Microsoft Visual Studio Solution File, Format Version 11.00
# Visual Studio 2010
Project("{8BC9CEB8-8B4A-11D0-8D11-00A0C91BC942}") = "Practice0", "Practice0\Practice0.vcxproj", "{BD6CD02D-C530-481C-AB1C-CF9FDC9DAE71}"
EndProject
Project("{8BC9CEB8-8B4A-11D0-8D11-00A0C91BC942}") = "Practice1", "Practice1\Practice1.vcxproj", "{3DE399F5-7572-4DDB-ACF9-51638C9FDF50}"
EndProject
Project("{8BC9CEB8-8B4A-11D0-8D11-00A0C91BC942}") = "Practice2", "Practice2\Practice2.vcxproj", "{A4C25A4E-EED4-4519-8230-74B7DBD8C0C8}"
EndProject
Global
	GlobalSection(SolutionConfigurationPlatforms) = preSolution
		Debug|Win32 = Debug|Win32
		Release|Win32 = Release|Win32
	EndGlobalSection
	GlobalSection(ProjectConfigurationPlatforms) = postSolution
		{BD6CD02D-C530-481C-AB1C-CF9FDC9DAE71}.Debug|Win32.ActiveCfg = Debug|Win32
		{BD6CD02D-C530-481C-AB1C-CF9FDC9DAE71}.Debug|Win32.Build.0 = Debug|Win32
		{BD6CD02D-C530-481C-AB1C-CF9FDC9DAE71}.Release|Win32.ActiveCfg = Release|Win32
		{BD6CD02D-C530-481C-AB1C-CF9FDC9DAE71}.Release|Win32.Build.0 = Release|Win32
		{3DE399F5-7572-4DDB-ACF9-51638C9FDF50}.Debug|Win32.ActiveCfg = Debug|Win32
		{3DE399F5-7572-4DDB-ACF9-51638C9FDF50}.Debug|Win32.Build.0 = Debug|Win32
		{3DE399F5-7572-4DDB-ACF9-51638C9FDF50}.Release|Win32.ActiveCfg = Release|Win32
		{3DE399F5-7572-4DDB-ACF9-51638C9FDF50}.Release|Win32.Build.0 = Release|Win32
		{A4C25A4E-EED4-4519-8230-74B7DBD8C0C8}.Debug|Win32.ActiveCfg = Debug|Win32
		{A4C25A4E-EED4-4519-8230-74B7DBD8C0C8}.Debug|Win32.Build.0 = Debug|Win32
		{A4C25A4E-EED4-4519-8230-74B7DBD8C0C8}.Release|Win32.ActiveCfg = Release|Win32
		{A4C25A4E-EED4-4519-8230-74B7DBD8C0C8}.Release|Win32.Build.0 = Release|Win32
	EndGlobalSection
	GlobalSection(SolutionProperties) = preSolution
		HideSolutionNode = FALSE
	EndGlobalSection
EndGlobal
