
Microsoft Visual Studio Solution File, Format Version 12.00
# Visual Studio Version 16
VisualStudioVersion = 16.0.30804.86
MinimumVisualStudioVersion = 10.0.40219.1
Project("{8BC9CEB8-8B4A-11D0-8D11-00A0C91BC942}") = "Practice1", "Practice1\Practice1.vcxproj", "{06033352-BB01-4170-9BC7-616E5B31E2DC}"
EndProject
Global
	GlobalSection(SolutionConfigurationPlatforms) = preSolution
		Debug|x64 = Debug|x64
		Debug|x86 = Debug|x86
		Release|x64 = Release|x64
		Release|x86 = Release|x86
	EndGlobalSection
	GlobalSection(ProjectConfigurationPlatforms) = postSolution
		{06033352-BB01-4170-9BC7-616E5B31E2DC}.Debug|x64.ActiveCfg = Debug|x64
		{06033352-BB01-4170-9BC7-616E5B31E2DC}.Debug|x64.Build.0 = Debug|x64
		{06033352-BB01-4170-9BC7-616E5B31E2DC}.Debug|x86.ActiveCfg = Debug|Win32
		{06033352-BB01-4170-9BC7-616E5B31E2DC}.Debug|x86.Build.0 = Debug|Win32
		{06033352-BB01-4170-9BC7-616E5B31E2DC}.Release|x64.ActiveCfg = Release|x64
		{06033352-BB01-4170-9BC7-616E5B31E2DC}.Release|x64.Build.0 = Release|x64
		{06033352-BB01-4170-9BC7-616E5B31E2DC}.Release|x86.ActiveCfg = Release|Win32
		{06033352-BB01-4170-9BC7-616E5B31E2DC}.Release|x86.Build.0 = Release|Win32
	EndGlobalSection
	GlobalSection(SolutionProperties) = preSolution
		HideSolutionNode = FALSE
	EndGlobalSection
	GlobalSection(ExtensibilityGlobals) = postSolution
		SolutionGuid = {36E15D3D-2C60-4906-80EE-897FB79CE124}
	EndGlobalSection
EndGlobal
