
Microsoft Visual Studio Solution File, Format Version 12.00
# Visual Studio Version 16
VisualStudioVersion = 16.0.29509.3
MinimumVisualStudioVersion = 10.0.40219.1
Project("{8BC9CEB8-8B4A-11D0-8D11-00A0C91BC942}") = "Domashka", "Domashka\Domashka.vcxproj", "{B288C6F4-8AE9-45EB-A7A0-F697FB7CA87E}"
EndProject
Global
	GlobalSection(SolutionConfigurationPlatforms) = preSolution
		Debug|x64 = Debug|x64
		Debug|x86 = Debug|x86
		Release|x64 = Release|x64
		Release|x86 = Release|x86
	EndGlobalSection
	GlobalSection(ProjectConfigurationPlatforms) = postSolution
		{B288C6F4-8AE9-45EB-A7A0-F697FB7CA87E}.Debug|x64.ActiveCfg = Debug|x64
		{B288C6F4-8AE9-45EB-A7A0-F697FB7CA87E}.Debug|x64.Build.0 = Debug|x64
		{B288C6F4-8AE9-45EB-A7A0-F697FB7CA87E}.Debug|x86.ActiveCfg = Debug|Win32
		{B288C6F4-8AE9-45EB-A7A0-F697FB7CA87E}.Debug|x86.Build.0 = Debug|Win32
		{B288C6F4-8AE9-45EB-A7A0-F697FB7CA87E}.Release|x64.ActiveCfg = Release|x64
		{B288C6F4-8AE9-45EB-A7A0-F697FB7CA87E}.Release|x64.Build.0 = Release|x64
		{B288C6F4-8AE9-45EB-A7A0-F697FB7CA87E}.Release|x86.ActiveCfg = Release|Win32
		{B288C6F4-8AE9-45EB-A7A0-F697FB7CA87E}.Release|x86.Build.0 = Release|Win32
	EndGlobalSection
	GlobalSection(SolutionProperties) = preSolution
		HideSolutionNode = FALSE
	EndGlobalSection
	GlobalSection(ExtensibilityGlobals) = postSolution
		SolutionGuid = {3EB77617-BFA1-4119-9D0C-39D26246EEAB}
	EndGlobalSection
EndGlobal
