
Microsoft Visual Studio Solution File, Format Version 12.00
# Visual Studio Version 17
VisualStudioVersion = 17.14.36429.23 d17.14
MinimumVisualStudioVersion = 10.0.40219.1
Project("{8BC9CEB8-8B4A-11D0-8D11-00A0C91BC942}") = "Task1", "Task1.vcxproj", "{FE22DB97-DEBD-46A8-8F6D-B3B9A64511D3}"
EndProject
Global
	GlobalSection(SolutionConfigurationPlatforms) = preSolution
		Debug|x64 = Debug|x64
		Debug|x86 = Debug|x86
		Release|x64 = Release|x64
		Release|x86 = Release|x86
	EndGlobalSection
	GlobalSection(ProjectConfigurationPlatforms) = postSolution
		{FE22DB97-DEBD-46A8-8F6D-B3B9A64511D3}.Debug|x64.ActiveCfg = Debug|x64
		{FE22DB97-DEBD-46A8-8F6D-B3B9A64511D3}.Debug|x64.Build.0 = Debug|x64
		{FE22DB97-DEBD-46A8-8F6D-B3B9A64511D3}.Debug|x86.ActiveCfg = Debug|Win32
		{FE22DB97-DEBD-46A8-8F6D-B3B9A64511D3}.Debug|x86.Build.0 = Debug|Win32
		{FE22DB97-DEBD-46A8-8F6D-B3B9A64511D3}.Release|x64.ActiveCfg = Release|x64
		{FE22DB97-DEBD-46A8-8F6D-B3B9A64511D3}.Release|x64.Build.0 = Release|x64
		{FE22DB97-DEBD-46A8-8F6D-B3B9A64511D3}.Release|x86.ActiveCfg = Release|Win32
		{FE22DB97-DEBD-46A8-8F6D-B3B9A64511D3}.Release|x86.Build.0 = Release|Win32
	EndGlobalSection
	GlobalSection(SolutionProperties) = preSolution
		HideSolutionNode = FALSE
	EndGlobalSection
	GlobalSection(ExtensibilityGlobals) = postSolution
		SolutionGuid = {4203A2BE-3CEB-4F1A-BFBE-B8AD65823F59}
	EndGlobalSection
EndGlobal
